
Microsoft Visual Studio Solution File, Format Version 12.00
# Visual Studio Version 16
VisualStudioVersion = 16.0.30104.148
MinimumVisualStudioVersion = 10.0.40219.1
Project("{8BC9CEB8-8B4A-11D0-8D11-00A0C91BC942}") = "Mergesort", "Mergesort\Mergesort.vcxproj", "{B1DF6D84-9BE4-44B8-AF08-AB3BB63A361C}"
EndProject
Project("{8BC9CEB8-8B4A-11D0-8D11-00A0C91BC942}") = "hanota-lcci", "hanota-lcci\hanota-lcci.vcxproj", "{60385332-9BA7-4429-B559-18FBE19017E7}"
EndProject
Project("{8BC9CEB8-8B4A-11D0-8D11-00A0C91BC942}") = "QuickSort", "QuickSort\QuickSort.vcxproj", "{AB71028A-5F0C-4434-9EE1-CD429CADD2C0}"
EndProject
Project("{8BC9CEB8-8B4A-11D0-8D11-00A0C91BC942}") = "QuickSort-3-way-partition", "QuickSort-3-way-partition\QuickSort-3-way-partition.vcxproj", "{B7605A19-B9A8-46F7-BDA9-E043C34349F3}"
EndProject
Project("{2150E333-8FDC-42A3-9474-1A3956D46DE8}") = "Sort", "Sort", "{164E9F03-0A4B-4266-AFB1-523AA883526A}"
EndProject
Project("{8BC9CEB8-8B4A-11D0-8D11-00A0C91BC942}") = "leetcode1431-kidswithcandies", "leetcode1431-kidswithcandies\leetcode1431-kidswithcandies.vcxproj", "{AD1DC9B2-3B85-41A8-8115-73FE40617905}"
EndProject
Project("{8BC9CEB8-8B4A-11D0-8D11-00A0C91BC942}") = "leetcode162-findPeekElement", "leetcode162-findPeekElement\leetcode162-findPeekElement.vcxproj", "{7F03B6D3-9DA5-4C58-8EB0-D7184290D591}"
EndProject
Project("{8BC9CEB8-8B4A-11D0-8D11-00A0C91BC942}") = "leetcode704-search", "leetcode704-search\leetcode704-search.vcxproj", "{BE1A9ECA-00CC-4E15-B583-6679AE4AB392}"
EndProject
Project("{2150E333-8FDC-42A3-9474-1A3956D46DE8}") = "leetcode", "leetcode", "{E5F280A2-9AF3-41F7-8898-F8E4C585FA93}"
EndProject
Project("{2150E333-8FDC-42A3-9474-1A3956D46DE8}") = "Easy", "Easy", "{AE52A779-C165-4FD8-9BDA-EF49D37E5B1F}"
EndProject
Project("{8BC9CEB8-8B4A-11D0-8D11-00A0C91BC942}") = "leetcode171-titletonumber", "leetcode171-titletonumber\leetcode171-titletonumber.vcxproj", "{9DB8A120-1944-45DD-BD7A-EA02E1ABB941}"
EndProject
Project("{8BC9CEB8-8B4A-11D0-8D11-00A0C91BC942}") = "leetcode121-maxProfit", "leetcode121\leetcode121.vcxproj", "{196F81F2-6D7E-4516-970E-42CF641491B9}"
EndProject
Project("{2150E333-8FDC-42A3-9474-1A3956D46DE8}") = "Middle", "Middle", "{78CD2893-5F2F-46EB-AD26-B441A1EEF36E}"
EndProject
Project("{8BC9CEB8-8B4A-11D0-8D11-00A0C91BC942}") = "Leetcode64-sumNums", "Leetcode64-sumNums\Leetcode64-sumNums.vcxproj", "{DE81EA78-D6B4-439E-9455-3188F903D068}"
EndProject
Project("{8BC9CEB8-8B4A-11D0-8D11-00A0C91BC942}") = "leetcode54-spiralOrder", "leetcode54-spiralOrder\leetcode54-spiralOrder.vcxproj", "{B110D26F-65AB-404F-A5C6-568C9662C525}"
EndProject
Project("{8BC9CEB8-8B4A-11D0-8D11-00A0C91BC942}") = "leecode1-twoSum", "leecode1-twoSum\leecode1-twoSum.vcxproj", "{9CA6E2E6-65EC-43C0-A913-58D1CCC70CE1}"
EndProject
Project("{2150E333-8FDC-42A3-9474-1A3956D46DE8}") = "Recursion", "Recursion", "{F5849D11-D41B-4208-91E9-5B99F4ABED19}"
EndProject
Project("{8BC9CEB8-8B4A-11D0-8D11-00A0C91BC942}") = "GetTreeDepth", "GetTreeDepth\GetTreeDepth.vcxproj", "{E341D30C-C065-4244-874B-5DA8A92F4AD6}"
EndProject
Project("{8BC9CEB8-8B4A-11D0-8D11-00A0C91BC942}") = "leetcode07-rotatematrix", "leetcode07-rotatematrix\leetcode07-rotatematrix.vcxproj", "{148616F0-544E-4084-81D6-A397CB290160}"
EndProject
Project("{8BC9CEB8-8B4A-11D0-8D11-00A0C91BC942}") = "leetcode74-searchMatrix", "leetcode74-searchMatrix\leetcode74-searchMatrix.vcxproj", "{11B9CEE7-94AC-4B9B-9720-E3E3FB4B9242}"
EndProject
Project("{8BC9CEB8-8B4A-11D0-8D11-00A0C91BC942}") = "leetcode240-searchMatrixII", "leetcode240-searchMatrix\leetcode240-searchMatrix.vcxproj", "{067AA8D4-5940-4A4A-95D0-77F0D1FF794D}"
EndProject
Project("{8BC9CEB8-8B4A-11D0-8D11-00A0C91BC942}") = "leetcode900-equationsPossible", "leetcode900-equationsPossible\leetcode900-equationsPossible.vcxproj", "{2782C2CF-062F-40E2-BAEB-4D4FEBB5B073}"
EndProject
Project("{8BC9CEB8-8B4A-11D0-8D11-00A0C91BC942}") = "leetcode150-evalRPN", "leetcode150-evalRPN\leetcode150-evalRPN.vcxproj", "{A6B81C64-23D0-4024-BD8E-87B260C9FF33}"
EndProject
Project("{2150E333-8FDC-42A3-9474-1A3956D46DE8}") = "DataStructure", "DataStructure", "{C67021A7-EEC6-4E5C-B0C1-2D3A8EE9ECA5}"
EndProject
Project("{8BC9CEB8-8B4A-11D0-8D11-00A0C91BC942}") = "rotateTree", "rotateTree\rotateTree.vcxproj", "{ADB81259-FE74-41AC-964D-124E77EEDEE8}"
EndProject
Project("{8BC9CEB8-8B4A-11D0-8D11-00A0C91BC942}") = "RedBlackTree", "RedBlackTree\RedBlackTree.vcxproj", "{07D24A2E-5C7B-40C5-BEF0-CC4A498701BA}"
EndProject
Project("{2150E333-8FDC-42A3-9474-1A3956D46DE8}") = "AlgorithmMethods", "AlgorithmMethods", "{C55DED29-7B23-4BE2-BC7C-36FB351E5FCD}"
EndProject
Project("{8BC9CEB8-8B4A-11D0-8D11-00A0C91BC942}") = "CoinChangeGreedy", "CoinChangeGreedy\CoinChangeGreedy.vcxproj", "{70B8AD51-537A-476B-8090-D48053E05A23}"
EndProject
Project("{8BC9CEB8-8B4A-11D0-8D11-00A0C91BC942}") = "goStairs", "goStairs\goStairs.vcxproj", "{87E28C45-FA9B-4709-8B47-324EB0FE3740}"
EndProject
Project("{2150E333-8FDC-42A3-9474-1A3956D46DE8}") = "Hard", "Hard", "{44D45AA9-5B9E-452C-9275-0EEA9538D5AD}"
EndProject
Project("{8BC9CEB8-8B4A-11D0-8D11-00A0C91BC942}") = "leetcode297-binaryTreeIO", "leetcode297-binaryTreeIO\leetcode297-binaryTreeIO.vcxproj", "{AFB4B4DD-5E3E-4C02-8909-41A20458B370}"
EndProject
Project("{2150E333-8FDC-42A3-9474-1A3956D46DE8}") = "DynamicProgram", "DynamicProgram", "{D56C4C75-9DE6-499D-9B4F-5618F91A0FFF}"
EndProject
Global
	GlobalSection(SolutionConfigurationPlatforms) = preSolution
		Debug|x64 = Debug|x64
		Debug|x86 = Debug|x86
		Release|x64 = Release|x64
		Release|x86 = Release|x86
	EndGlobalSection
	GlobalSection(ProjectConfigurationPlatforms) = postSolution
		{B1DF6D84-9BE4-44B8-AF08-AB3BB63A361C}.Debug|x64.ActiveCfg = Debug|x64
		{B1DF6D84-9BE4-44B8-AF08-AB3BB63A361C}.Debug|x64.Build.0 = Debug|x64
		{B1DF6D84-9BE4-44B8-AF08-AB3BB63A361C}.Debug|x86.ActiveCfg = Debug|Win32
		{B1DF6D84-9BE4-44B8-AF08-AB3BB63A361C}.Debug|x86.Build.0 = Debug|Win32
		{B1DF6D84-9BE4-44B8-AF08-AB3BB63A361C}.Release|x64.ActiveCfg = Release|x64
		{B1DF6D84-9BE4-44B8-AF08-AB3BB63A361C}.Release|x64.Build.0 = Release|x64
		{B1DF6D84-9BE4-44B8-AF08-AB3BB63A361C}.Release|x86.ActiveCfg = Release|Win32
		{B1DF6D84-9BE4-44B8-AF08-AB3BB63A361C}.Release|x86.Build.0 = Release|Win32
		{60385332-9BA7-4429-B559-18FBE19017E7}.Debug|x64.ActiveCfg = Debug|x64
		{60385332-9BA7-4429-B559-18FBE19017E7}.Debug|x64.Build.0 = Debug|x64
		{60385332-9BA7-4429-B559-18FBE19017E7}.Debug|x86.ActiveCfg = Debug|Win32
		{60385332-9BA7-4429-B559-18FBE19017E7}.Debug|x86.Build.0 = Debug|Win32
		{60385332-9BA7-4429-B559-18FBE19017E7}.Release|x64.ActiveCfg = Release|x64
		{60385332-9BA7-4429-B559-18FBE19017E7}.Release|x64.Build.0 = Release|x64
		{60385332-9BA7-4429-B559-18FBE19017E7}.Release|x86.ActiveCfg = Release|Win32
		{60385332-9BA7-4429-B559-18FBE19017E7}.Release|x86.Build.0 = Release|Win32
		{AB71028A-5F0C-4434-9EE1-CD429CADD2C0}.Debug|x64.ActiveCfg = Debug|x64
		{AB71028A-5F0C-4434-9EE1-CD429CADD2C0}.Debug|x64.Build.0 = Debug|x64
		{AB71028A-5F0C-4434-9EE1-CD429CADD2C0}.Debug|x86.ActiveCfg = Debug|Win32
		{AB71028A-5F0C-4434-9EE1-CD429CADD2C0}.Debug|x86.Build.0 = Debug|Win32
		{AB71028A-5F0C-4434-9EE1-CD429CADD2C0}.Release|x64.ActiveCfg = Release|x64
		{AB71028A-5F0C-4434-9EE1-CD429CADD2C0}.Release|x64.Build.0 = Release|x64
		{AB71028A-5F0C-4434-9EE1-CD429CADD2C0}.Release|x86.ActiveCfg = Release|Win32
		{AB71028A-5F0C-4434-9EE1-CD429CADD2C0}.Release|x86.Build.0 = Release|Win32
		{B7605A19-B9A8-46F7-BDA9-E043C34349F3}.Debug|x64.ActiveCfg = Debug|x64
		{B7605A19-B9A8-46F7-BDA9-E043C34349F3}.Debug|x64.Build.0 = Debug|x64
		{B7605A19-B9A8-46F7-BDA9-E043C34349F3}.Debug|x86.ActiveCfg = Debug|Win32
		{B7605A19-B9A8-46F7-BDA9-E043C34349F3}.Debug|x86.Build.0 = Debug|Win32
		{B7605A19-B9A8-46F7-BDA9-E043C34349F3}.Release|x64.ActiveCfg = Release|x64
		{B7605A19-B9A8-46F7-BDA9-E043C34349F3}.Release|x64.Build.0 = Release|x64
		{B7605A19-B9A8-46F7-BDA9-E043C34349F3}.Release|x86.ActiveCfg = Release|Win32
		{B7605A19-B9A8-46F7-BDA9-E043C34349F3}.Release|x86.Build.0 = Release|Win32
		{AD1DC9B2-3B85-41A8-8115-73FE40617905}.Debug|x64.ActiveCfg = Debug|x64
		{AD1DC9B2-3B85-41A8-8115-73FE40617905}.Debug|x64.Build.0 = Debug|x64
		{AD1DC9B2-3B85-41A8-8115-73FE40617905}.Debug|x86.ActiveCfg = Debug|Win32
		{AD1DC9B2-3B85-41A8-8115-73FE40617905}.Debug|x86.Build.0 = Debug|Win32
		{AD1DC9B2-3B85-41A8-8115-73FE40617905}.Release|x64.ActiveCfg = Release|x64
		{AD1DC9B2-3B85-41A8-8115-73FE40617905}.Release|x64.Build.0 = Release|x64
		{AD1DC9B2-3B85-41A8-8115-73FE40617905}.Release|x86.ActiveCfg = Release|Win32
		{AD1DC9B2-3B85-41A8-8115-73FE40617905}.Release|x86.Build.0 = Release|Win32
		{7F03B6D3-9DA5-4C58-8EB0-D7184290D591}.Debug|x64.ActiveCfg = Debug|x64
		{7F03B6D3-9DA5-4C58-8EB0-D7184290D591}.Debug|x64.Build.0 = Debug|x64
		{7F03B6D3-9DA5-4C58-8EB0-D7184290D591}.Debug|x86.ActiveCfg = Debug|Win32
		{7F03B6D3-9DA5-4C58-8EB0-D7184290D591}.Debug|x86.Build.0 = Debug|Win32
		{7F03B6D3-9DA5-4C58-8EB0-D7184290D591}.Release|x64.ActiveCfg = Release|x64
		{7F03B6D3-9DA5-4C58-8EB0-D7184290D591}.Release|x64.Build.0 = Release|x64
		{7F03B6D3-9DA5-4C58-8EB0-D7184290D591}.Release|x86.ActiveCfg = Release|Win32
		{7F03B6D3-9DA5-4C58-8EB0-D7184290D591}.Release|x86.Build.0 = Release|Win32
		{BE1A9ECA-00CC-4E15-B583-6679AE4AB392}.Debug|x64.ActiveCfg = Debug|x64
		{BE1A9ECA-00CC-4E15-B583-6679AE4AB392}.Debug|x64.Build.0 = Debug|x64
		{BE1A9ECA-00CC-4E15-B583-6679AE4AB392}.Debug|x86.ActiveCfg = Debug|Win32
		{BE1A9ECA-00CC-4E15-B583-6679AE4AB392}.Debug|x86.Build.0 = Debug|Win32
		{BE1A9ECA-00CC-4E15-B583-6679AE4AB392}.Release|x64.ActiveCfg = Release|x64
		{BE1A9ECA-00CC-4E15-B583-6679AE4AB392}.Release|x64.Build.0 = Release|x64
		{BE1A9ECA-00CC-4E15-B583-6679AE4AB392}.Release|x86.ActiveCfg = Release|Win32
		{BE1A9ECA-00CC-4E15-B583-6679AE4AB392}.Release|x86.Build.0 = Release|Win32
		{9DB8A120-1944-45DD-BD7A-EA02E1ABB941}.Debug|x64.ActiveCfg = Debug|x64
		{9DB8A120-1944-45DD-BD7A-EA02E1ABB941}.Debug|x64.Build.0 = Debug|x64
		{9DB8A120-1944-45DD-BD7A-EA02E1ABB941}.Debug|x86.ActiveCfg = Debug|Win32
		{9DB8A120-1944-45DD-BD7A-EA02E1ABB941}.Debug|x86.Build.0 = Debug|Win32
		{9DB8A120-1944-45DD-BD7A-EA02E1ABB941}.Release|x64.ActiveCfg = Release|x64
		{9DB8A120-1944-45DD-BD7A-EA02E1ABB941}.Release|x64.Build.0 = Release|x64
		{9DB8A120-1944-45DD-BD7A-EA02E1ABB941}.Release|x86.ActiveCfg = Release|Win32
		{9DB8A120-1944-45DD-BD7A-EA02E1ABB941}.Release|x86.Build.0 = Release|Win32
		{196F81F2-6D7E-4516-970E-42CF641491B9}.Debug|x64.ActiveCfg = Debug|x64
		{196F81F2-6D7E-4516-970E-42CF641491B9}.Debug|x64.Build.0 = Debug|x64
		{196F81F2-6D7E-4516-970E-42CF641491B9}.Debug|x86.ActiveCfg = Debug|Win32
		{196F81F2-6D7E-4516-970E-42CF641491B9}.Debug|x86.Build.0 = Debug|Win32
		{196F81F2-6D7E-4516-970E-42CF641491B9}.Release|x64.ActiveCfg = Release|x64
		{196F81F2-6D7E-4516-970E-42CF641491B9}.Release|x64.Build.0 = Release|x64
		{196F81F2-6D7E-4516-970E-42CF641491B9}.Release|x86.ActiveCfg = Release|Win32
		{196F81F2-6D7E-4516-970E-42CF641491B9}.Release|x86.Build.0 = Release|Win32
		{DE81EA78-D6B4-439E-9455-3188F903D068}.Debug|x64.ActiveCfg = Debug|x64
		{DE81EA78-D6B4-439E-9455-3188F903D068}.Debug|x64.Build.0 = Debug|x64
		{DE81EA78-D6B4-439E-9455-3188F903D068}.Debug|x86.ActiveCfg = Debug|Win32
		{DE81EA78-D6B4-439E-9455-3188F903D068}.Debug|x86.Build.0 = Debug|Win32
		{DE81EA78-D6B4-439E-9455-3188F903D068}.Release|x64.ActiveCfg = Release|x64
		{DE81EA78-D6B4-439E-9455-3188F903D068}.Release|x64.Build.0 = Release|x64
		{DE81EA78-D6B4-439E-9455-3188F903D068}.Release|x86.ActiveCfg = Release|Win32
		{DE81EA78-D6B4-439E-9455-3188F903D068}.Release|x86.Build.0 = Release|Win32
		{B110D26F-65AB-404F-A5C6-568C9662C525}.Debug|x64.ActiveCfg = Debug|x64
		{B110D26F-65AB-404F-A5C6-568C9662C525}.Debug|x64.Build.0 = Debug|x64
		{B110D26F-65AB-404F-A5C6-568C9662C525}.Debug|x86.ActiveCfg = Debug|Win32
		{B110D26F-65AB-404F-A5C6-568C9662C525}.Debug|x86.Build.0 = Debug|Win32
		{B110D26F-65AB-404F-A5C6-568C9662C525}.Release|x64.ActiveCfg = Release|x64
		{B110D26F-65AB-404F-A5C6-568C9662C525}.Release|x64.Build.0 = Release|x64
		{B110D26F-65AB-404F-A5C6-568C9662C525}.Release|x86.ActiveCfg = Release|Win32
		{B110D26F-65AB-404F-A5C6-568C9662C525}.Release|x86.Build.0 = Release|Win32
		{9CA6E2E6-65EC-43C0-A913-58D1CCC70CE1}.Debug|x64.ActiveCfg = Debug|x64
		{9CA6E2E6-65EC-43C0-A913-58D1CCC70CE1}.Debug|x64.Build.0 = Debug|x64
		{9CA6E2E6-65EC-43C0-A913-58D1CCC70CE1}.Debug|x86.ActiveCfg = Debug|Win32
		{9CA6E2E6-65EC-43C0-A913-58D1CCC70CE1}.Debug|x86.Build.0 = Debug|Win32
		{9CA6E2E6-65EC-43C0-A913-58D1CCC70CE1}.Release|x64.ActiveCfg = Release|x64
		{9CA6E2E6-65EC-43C0-A913-58D1CCC70CE1}.Release|x64.Build.0 = Release|x64
		{9CA6E2E6-65EC-43C0-A913-58D1CCC70CE1}.Release|x86.ActiveCfg = Release|Win32
		{9CA6E2E6-65EC-43C0-A913-58D1CCC70CE1}.Release|x86.Build.0 = Release|Win32
		{E341D30C-C065-4244-874B-5DA8A92F4AD6}.Debug|x64.ActiveCfg = Debug|x64
		{E341D30C-C065-4244-874B-5DA8A92F4AD6}.Debug|x64.Build.0 = Debug|x64
		{E341D30C-C065-4244-874B-5DA8A92F4AD6}.Debug|x86.ActiveCfg = Debug|Win32
		{E341D30C-C065-4244-874B-5DA8A92F4AD6}.Debug|x86.Build.0 = Debug|Win32
		{E341D30C-C065-4244-874B-5DA8A92F4AD6}.Release|x64.ActiveCfg = Release|x64
		{E341D30C-C065-4244-874B-5DA8A92F4AD6}.Release|x64.Build.0 = Release|x64
		{E341D30C-C065-4244-874B-5DA8A92F4AD6}.Release|x86.ActiveCfg = Release|Win32
		{E341D30C-C065-4244-874B-5DA8A92F4AD6}.Release|x86.Build.0 = Release|Win32
		{148616F0-544E-4084-81D6-A397CB290160}.Debug|x64.ActiveCfg = Debug|x64
		{148616F0-544E-4084-81D6-A397CB290160}.Debug|x64.Build.0 = Debug|x64
		{148616F0-544E-4084-81D6-A397CB290160}.Debug|x86.ActiveCfg = Debug|Win32
		{148616F0-544E-4084-81D6-A397CB290160}.Debug|x86.Build.0 = Debug|Win32
		{148616F0-544E-4084-81D6-A397CB290160}.Release|x64.ActiveCfg = Release|x64
		{148616F0-544E-4084-81D6-A397CB290160}.Release|x64.Build.0 = Release|x64
		{148616F0-544E-4084-81D6-A397CB290160}.Release|x86.ActiveCfg = Release|Win32
		{148616F0-544E-4084-81D6-A397CB290160}.Release|x86.Build.0 = Release|Win32
		{11B9CEE7-94AC-4B9B-9720-E3E3FB4B9242}.Debug|x64.ActiveCfg = Debug|x64
		{11B9CEE7-94AC-4B9B-9720-E3E3FB4B9242}.Debug|x64.Build.0 = Debug|x64
		{11B9CEE7-94AC-4B9B-9720-E3E3FB4B9242}.Debug|x86.ActiveCfg = Debug|Win32
		{11B9CEE7-94AC-4B9B-9720-E3E3FB4B9242}.Debug|x86.Build.0 = Debug|Win32
		{11B9CEE7-94AC-4B9B-9720-E3E3FB4B9242}.Release|x64.ActiveCfg = Release|x64
		{11B9CEE7-94AC-4B9B-9720-E3E3FB4B9242}.Release|x64.Build.0 = Release|x64
		{11B9CEE7-94AC-4B9B-9720-E3E3FB4B9242}.Release|x86.ActiveCfg = Release|Win32
		{11B9CEE7-94AC-4B9B-9720-E3E3FB4B9242}.Release|x86.Build.0 = Release|Win32
		{067AA8D4-5940-4A4A-95D0-77F0D1FF794D}.Debug|x64.ActiveCfg = Debug|x64
		{067AA8D4-5940-4A4A-95D0-77F0D1FF794D}.Debug|x64.Build.0 = Debug|x64
		{067AA8D4-5940-4A4A-95D0-77F0D1FF794D}.Debug|x86.ActiveCfg = Debug|Win32
		{067AA8D4-5940-4A4A-95D0-77F0D1FF794D}.Debug|x86.Build.0 = Debug|Win32
		{067AA8D4-5940-4A4A-95D0-77F0D1FF794D}.Release|x64.ActiveCfg = Release|x64
		{067AA8D4-5940-4A4A-95D0-77F0D1FF794D}.Release|x64.Build.0 = Release|x64
		{067AA8D4-5940-4A4A-95D0-77F0D1FF794D}.Release|x86.ActiveCfg = Release|Win32
		{067AA8D4-5940-4A4A-95D0-77F0D1FF794D}.Release|x86.Build.0 = Release|Win32
		{2782C2CF-062F-40E2-BAEB-4D4FEBB5B073}.Debug|x64.ActiveCfg = Debug|x64
		{2782C2CF-062F-40E2-BAEB-4D4FEBB5B073}.Debug|x64.Build.0 = Debug|x64
		{2782C2CF-062F-40E2-BAEB-4D4FEBB5B073}.Debug|x86.ActiveCfg = Debug|Win32
		{2782C2CF-062F-40E2-BAEB-4D4FEBB5B073}.Debug|x86.Build.0 = Debug|Win32
		{2782C2CF-062F-40E2-BAEB-4D4FEBB5B073}.Release|x64.ActiveCfg = Release|x64
		{2782C2CF-062F-40E2-BAEB-4D4FEBB5B073}.Release|x64.Build.0 = Release|x64
		{2782C2CF-062F-40E2-BAEB-4D4FEBB5B073}.Release|x86.ActiveCfg = Release|Win32
		{2782C2CF-062F-40E2-BAEB-4D4FEBB5B073}.Release|x86.Build.0 = Release|Win32
		{A6B81C64-23D0-4024-BD8E-87B260C9FF33}.Debug|x64.ActiveCfg = Debug|x64
		{A6B81C64-23D0-4024-BD8E-87B260C9FF33}.Debug|x64.Build.0 = Debug|x64
		{A6B81C64-23D0-4024-BD8E-87B260C9FF33}.Debug|x86.ActiveCfg = Debug|Win32
		{A6B81C64-23D0-4024-BD8E-87B260C9FF33}.Debug|x86.Build.0 = Debug|Win32
		{A6B81C64-23D0-4024-BD8E-87B260C9FF33}.Release|x64.ActiveCfg = Release|x64
		{A6B81C64-23D0-4024-BD8E-87B260C9FF33}.Release|x64.Build.0 = Release|x64
		{A6B81C64-23D0-4024-BD8E-87B260C9FF33}.Release|x86.ActiveCfg = Release|Win32
		{A6B81C64-23D0-4024-BD8E-87B260C9FF33}.Release|x86.Build.0 = Release|Win32
		{ADB81259-FE74-41AC-964D-124E77EEDEE8}.Debug|x64.ActiveCfg = Debug|x64
		{ADB81259-FE74-41AC-964D-124E77EEDEE8}.Debug|x64.Build.0 = Debug|x64
		{ADB81259-FE74-41AC-964D-124E77EEDEE8}.Debug|x86.ActiveCfg = Debug|Win32
		{ADB81259-FE74-41AC-964D-124E77EEDEE8}.Debug|x86.Build.0 = Debug|Win32
		{ADB81259-FE74-41AC-964D-124E77EEDEE8}.Release|x64.ActiveCfg = Release|x64
		{ADB81259-FE74-41AC-964D-124E77EEDEE8}.Release|x64.Build.0 = Release|x64
		{ADB81259-FE74-41AC-964D-124E77EEDEE8}.Release|x86.ActiveCfg = Release|Win32
		{ADB81259-FE74-41AC-964D-124E77EEDEE8}.Release|x86.Build.0 = Release|Win32
		{07D24A2E-5C7B-40C5-BEF0-CC4A498701BA}.Debug|x64.ActiveCfg = Debug|x64
		{07D24A2E-5C7B-40C5-BEF0-CC4A498701BA}.Debug|x64.Build.0 = Debug|x64
		{07D24A2E-5C7B-40C5-BEF0-CC4A498701BA}.Debug|x86.ActiveCfg = Debug|Win32
		{07D24A2E-5C7B-40C5-BEF0-CC4A498701BA}.Debug|x86.Build.0 = Debug|Win32
		{07D24A2E-5C7B-40C5-BEF0-CC4A498701BA}.Release|x64.ActiveCfg = Release|x64
		{07D24A2E-5C7B-40C5-BEF0-CC4A498701BA}.Release|x64.Build.0 = Release|x64
		{07D24A2E-5C7B-40C5-BEF0-CC4A498701BA}.Release|x86.ActiveCfg = Release|Win32
		{07D24A2E-5C7B-40C5-BEF0-CC4A498701BA}.Release|x86.Build.0 = Release|Win32
		{70B8AD51-537A-476B-8090-D48053E05A23}.Debug|x64.ActiveCfg = Debug|x64
		{70B8AD51-537A-476B-8090-D48053E05A23}.Debug|x64.Build.0 = Debug|x64
		{70B8AD51-537A-476B-8090-D48053E05A23}.Debug|x86.ActiveCfg = Debug|Win32
		{70B8AD51-537A-476B-8090-D48053E05A23}.Debug|x86.Build.0 = Debug|Win32
		{70B8AD51-537A-476B-8090-D48053E05A23}.Release|x64.ActiveCfg = Release|x64
		{70B8AD51-537A-476B-8090-D48053E05A23}.Release|x64.Build.0 = Release|x64
		{70B8AD51-537A-476B-8090-D48053E05A23}.Release|x86.ActiveCfg = Release|Win32
		{70B8AD51-537A-476B-8090-D48053E05A23}.Release|x86.Build.0 = Release|Win32
		{87E28C45-FA9B-4709-8B47-324EB0FE3740}.Debug|x64.ActiveCfg = Debug|x64
		{87E28C45-FA9B-4709-8B47-324EB0FE3740}.Debug|x64.Build.0 = Debug|x64
		{87E28C45-FA9B-4709-8B47-324EB0FE3740}.Debug|x86.ActiveCfg = Debug|Win32
		{87E28C45-FA9B-4709-8B47-324EB0FE3740}.Debug|x86.Build.0 = Debug|Win32
		{87E28C45-FA9B-4709-8B47-324EB0FE3740}.Release|x64.ActiveCfg = Release|x64
		{87E28C45-FA9B-4709-8B47-324EB0FE3740}.Release|x64.Build.0 = Release|x64
		{87E28C45-FA9B-4709-8B47-324EB0FE3740}.Release|x86.ActiveCfg = Release|Win32
		{87E28C45-FA9B-4709-8B47-324EB0FE3740}.Release|x86.Build.0 = Release|Win32
		{AFB4B4DD-5E3E-4C02-8909-41A20458B370}.Debug|x64.ActiveCfg = Debug|x64
		{AFB4B4DD-5E3E-4C02-8909-41A20458B370}.Debug|x64.Build.0 = Debug|x64
		{AFB4B4DD-5E3E-4C02-8909-41A20458B370}.Debug|x86.ActiveCfg = Debug|Win32
		{AFB4B4DD-5E3E-4C02-8909-41A20458B370}.Debug|x86.Build.0 = Debug|Win32
		{AFB4B4DD-5E3E-4C02-8909-41A20458B370}.Release|x64.ActiveCfg = Release|x64
		{AFB4B4DD-5E3E-4C02-8909-41A20458B370}.Release|x64.Build.0 = Release|x64
		{AFB4B4DD-5E3E-4C02-8909-41A20458B370}.Release|x86.ActiveCfg = Release|Win32
		{AFB4B4DD-5E3E-4C02-8909-41A20458B370}.Release|x86.Build.0 = Release|Win32
	EndGlobalSection
	GlobalSection(SolutionProperties) = preSolution
		HideSolutionNode = FALSE
	EndGlobalSection
	GlobalSection(NestedProjects) = preSolution
		{AB71028A-5F0C-4434-9EE1-CD429CADD2C0} = {164E9F03-0A4B-4266-AFB1-523AA883526A}
		{B7605A19-B9A8-46F7-BDA9-E043C34349F3} = {164E9F03-0A4B-4266-AFB1-523AA883526A}
		{AD1DC9B2-3B85-41A8-8115-73FE40617905} = {AE52A779-C165-4FD8-9BDA-EF49D37E5B1F}
		{BE1A9ECA-00CC-4E15-B583-6679AE4AB392} = {AE52A779-C165-4FD8-9BDA-EF49D37E5B1F}
		{AE52A779-C165-4FD8-9BDA-EF49D37E5B1F} = {E5F280A2-9AF3-41F7-8898-F8E4C585FA93}
		{9DB8A120-1944-45DD-BD7A-EA02E1ABB941} = {AE52A779-C165-4FD8-9BDA-EF49D37E5B1F}
		{196F81F2-6D7E-4516-970E-42CF641491B9} = {AE52A779-C165-4FD8-9BDA-EF49D37E5B1F}
		{78CD2893-5F2F-46EB-AD26-B441A1EEF36E} = {E5F280A2-9AF3-41F7-8898-F8E4C585FA93}
		{DE81EA78-D6B4-439E-9455-3188F903D068} = {78CD2893-5F2F-46EB-AD26-B441A1EEF36E}
		{B110D26F-65AB-404F-A5C6-568C9662C525} = {78CD2893-5F2F-46EB-AD26-B441A1EEF36E}
		{9CA6E2E6-65EC-43C0-A913-58D1CCC70CE1} = {AE52A779-C165-4FD8-9BDA-EF49D37E5B1F}
		{E341D30C-C065-4244-874B-5DA8A92F4AD6} = {F5849D11-D41B-4208-91E9-5B99F4ABED19}
		{148616F0-544E-4084-81D6-A397CB290160} = {78CD2893-5F2F-46EB-AD26-B441A1EEF36E}
		{11B9CEE7-94AC-4B9B-9720-E3E3FB4B9242} = {78CD2893-5F2F-46EB-AD26-B441A1EEF36E}
		{067AA8D4-5940-4A4A-95D0-77F0D1FF794D} = {78CD2893-5F2F-46EB-AD26-B441A1EEF36E}
		{2782C2CF-062F-40E2-BAEB-4D4FEBB5B073} = {78CD2893-5F2F-46EB-AD26-B441A1EEF36E}
		{A6B81C64-23D0-4024-BD8E-87B260C9FF33} = {78CD2893-5F2F-46EB-AD26-B441A1EEF36E}
		{ADB81259-FE74-41AC-964D-124E77EEDEE8} = {C67021A7-EEC6-4E5C-B0C1-2D3A8EE9ECA5}
		{07D24A2E-5C7B-40C5-BEF0-CC4A498701BA} = {C67021A7-EEC6-4E5C-B0C1-2D3A8EE9ECA5}
		{70B8AD51-537A-476B-8090-D48053E05A23} = {C55DED29-7B23-4BE2-BC7C-36FB351E5FCD}
		{87E28C45-FA9B-4709-8B47-324EB0FE3740} = {F5849D11-D41B-4208-91E9-5B99F4ABED19}
		{44D45AA9-5B9E-452C-9275-0EEA9538D5AD} = {E5F280A2-9AF3-41F7-8898-F8E4C585FA93}
		{AFB4B4DD-5E3E-4C02-8909-41A20458B370} = {44D45AA9-5B9E-452C-9275-0EEA9538D5AD}
	EndGlobalSection
	GlobalSection(ExtensibilityGlobals) = postSolution
		SolutionGuid = {1B46ABCB-2337-4B76-AC80-FB005083CB16}
	EndGlobalSection
EndGlobal
