
Microsoft Visual Studio Solution File, Format Version 12.00
# Visual Studio Version 16
VisualStudioVersion = 16.0.30104.148
MinimumVisualStudioVersion = 10.0.40219.1
Project("{8BC9CEB8-8B4A-11D0-8D11-00A0C91BC942}") = "Mergesort", "Mergesort\Mergesort.vcxproj", "{B1DF6D84-9BE4-44B8-AF08-AB3BB63A361C}"
EndProject
Project("{8BC9CEB8-8B4A-11D0-8D11-00A0C91BC942}") = "hanota-lcci", "hanota-lcci\hanota-lcci.vcxproj", "{60385332-9BA7-4429-B559-18FBE19017E7}"
EndProject
Project("{8BC9CEB8-8B4A-11D0-8D11-00A0C91BC942}") = "QuickSort", "QuickSort\QuickSort.vcxproj", "{AB71028A-5F0C-4434-9EE1-CD429CADD2C0}"
EndProject
Project("{8BC9CEB8-8B4A-11D0-8D11-00A0C91BC942}") = "QuickSort-3-way-partition", "QuickSort-3-way-partition\QuickSort-3-way-partition.vcxproj", "{B7605A19-B9A8-46F7-BDA9-E043C34349F3}"
EndProject
Project("{2150E333-8FDC-42A3-9474-1A3956D46DE8}") = "Sort", "Sort", "{164E9F03-0A4B-4266-AFB1-523AA883526A}"
EndProject
Project("{8BC9CEB8-8B4A-11D0-8D11-00A0C91BC942}") = "leetcode1431-kidswithcandies", "leetcode1431-kidswithcandies\leetcode1431-kidswithcandies.vcxproj", "{AD1DC9B2-3B85-41A8-8115-73FE40617905}"
EndProject
Project("{8BC9CEB8-8B4A-11D0-8D11-00A0C91BC942}") = "leetcode162-findPeekElement", "leetcode162-findPeekElement\leetcode162-findPeekElement.vcxproj", "{7F03B6D3-9DA5-4C58-8EB0-D7184290D591}"
EndProject
Project("{8BC9CEB8-8B4A-11D0-8D11-00A0C91BC942}") = "leetcode704-search", "leetcode704-search\leetcode704-search.vcxproj", "{BE1A9ECA-00CC-4E15-B583-6679AE4AB392}"
EndProject
Project("{2150E333-8FDC-42A3-9474-1A3956D46DE8}") = "leetcode", "leetcode", "{E5F280A2-9AF3-41F7-8898-F8E4C585FA93}"
EndProject
Project("{2150E333-8FDC-42A3-9474-1A3956D46DE8}") = "Easy", "Easy", "{AE52A779-C165-4FD8-9BDA-EF49D37E5B1F}"
EndProject
Project("{8BC9CEB8-8B4A-11D0-8D11-00A0C91BC942}") = "leetcode171-titletonumber", "leetcode171-titletonumber\leetcode171-titletonumber.vcxproj", "{9DB8A120-1944-45DD-BD7A-EA02E1ABB941}"
EndProject
Project("{8BC9CEB8-8B4A-11D0-8D11-00A0C91BC942}") = "leetcode121-maxProfit", "leetcode121\leetcode121.vcxproj", "{196F81F2-6D7E-4516-970E-42CF641491B9}"
EndProject
Project("{2150E333-8FDC-42A3-9474-1A3956D46DE8}") = "Middle", "Middle", "{78CD2893-5F2F-46EB-AD26-B441A1EEF36E}"
EndProject
Project("{8BC9CEB8-8B4A-11D0-8D11-00A0C91BC942}") = "Leetcode64-sumNums", "Leetcode64-sumNums\Leetcode64-sumNums.vcxproj", "{DE81EA78-D6B4-439E-9455-3188F903D068}"
EndProject
Project("{8BC9CEB8-8B4A-11D0-8D11-00A0C91BC942}") = "leetcode54-spiralOrder", "leetcode54-spiralOrder\leetcode54-spiralOrder.vcxproj", "{B110D26F-65AB-404F-A5C6-568C9662C525}"
EndProject
Project("{8BC9CEB8-8B4A-11D0-8D11-00A0C91BC942}") = "leecode1-twoSum", "leecode1-twoSum\leecode1-twoSum.vcxproj", "{9CA6E2E6-65EC-43C0-A913-58D1CCC70CE1}"
EndProject
Project("{2150E333-8FDC-42A3-9474-1A3956D46DE8}") = "Recursion", "Recursion", "{F5849D11-D41B-4208-91E9-5B99F4ABED19}"
EndProject
Project("{8BC9CEB8-8B4A-11D0-8D11-00A0C91BC942}") = "GetTreeDepth", "GetTreeDepth\GetTreeDepth.vcxproj", "{E341D30C-C065-4244-874B-5DA8A92F4AD6}"
EndProject
Project("{8BC9CEB8-8B4A-11D0-8D11-00A0C91BC942}") = "leetcode07-rotatematrix", "leetcode07-rotatematrix\leetcode07-rotatematrix.vcxproj", "{148616F0-544E-4084-81D6-A397CB290160}"
EndProject
Project("{8BC9CEB8-8B4A-11D0-8D11-00A0C91BC942}") = "leetcode74-searchMatrix", "leetcode74-searchMatrix\leetcode74-searchMatrix.vcxproj", "{11B9CEE7-94AC-4B9B-9720-E3E3FB4B9242}"
EndProject
Project("{8BC9CEB8-8B4A-11D0-8D11-00A0C91BC942}") = "leetcode240-searchMatrixII", "leetcode240-searchMatrix\leetcode240-searchMatrix.vcxproj", "{067AA8D4-5940-4A4A-95D0-77F0D1FF794D}"
EndProject
Project("{8BC9CEB8-8B4A-11D0-8D11-00A0C91BC942}") = "leetcode900-equationsPossible", "leetcode900-equationsPossible\leetcode900-equationsPossible.vcxproj", "{2782C2CF-062F-40E2-BAEB-4D4FEBB5B073}"
EndProject
Project("{8BC9CEB8-8B4A-11D0-8D11-00A0C91BC942}") = "leetcode150-evalRPN", "leetcode150-evalRPN\leetcode150-evalRPN.vcxproj", "{A6B81C64-23D0-4024-BD8E-87B260C9FF33}"
EndProject
Project("{2150E333-8FDC-42A3-9474-1A3956D46DE8}") = "DataStructure", "DataStructure", "{C67021A7-EEC6-4E5C-B0C1-2D3A8EE9ECA5}"
EndProject
Project("{8BC9CEB8-8B4A-11D0-8D11-00A0C91BC942}") = "rotateTree", "rotateTree\rotateTree.vcxproj", "{ADB81259-FE74-41AC-964D-124E77EEDEE8}"
EndProject
Project("{8BC9CEB8-8B4A-11D0-8D11-00A0C91BC942}") = "RedBlackTree", "RedBlackTree\RedBlackTree.vcxproj", "{07D24A2E-5C7B-40C5-BEF0-CC4A498701BA}"
EndProject
Project("{2150E333-8FDC-42A3-9474-1A3956D46DE8}") = "AlgorithmMethods", "AlgorithmMethods", "{C55DED29-7B23-4BE2-BC7C-36FB351E5FCD}"
EndProject
Project("{8BC9CEB8-8B4A-11D0-8D11-00A0C91BC942}") = "CoinChangeGreedy", "CoinChangeGreedy\CoinChangeGreedy.vcxproj", "{70B8AD51-537A-476B-8090-D48053E05A23}"
EndProject
Project("{8BC9CEB8-8B4A-11D0-8D11-00A0C91BC942}") = "goStairs", "goStairs\goStairs.vcxproj", "{87E28C45-FA9B-4709-8B47-324EB0FE3740}"
EndProject
Project("{2150E333-8FDC-42A3-9474-1A3956D46DE8}") = "Hard", "Hard", "{44D45AA9-5B9E-452C-9275-0EEA9538D5AD}"
EndProject
Project("{8BC9CEB8-8B4A-11D0-8D11-00A0C91BC942}") = "leetcode297-binaryTreeIO", "leetcode297-binaryTreeIO\leetcode297-binaryTreeIO.vcxproj", "{AFB4B4DD-5E3E-4C02-8909-41A20458B370}"
EndProject
Project("{2150E333-8FDC-42A3-9474-1A3956D46DE8}") = "DynamicProgram", "DynamicProgram", "{D56C4C75-9DE6-499D-9B4F-5618F91A0FFF}"
EndProject
Project("{8BC9CEB8-8B4A-11D0-8D11-00A0C91BC942}") = "swapPairs", "swapPairs\swapPairs.vcxproj", "{D9CB6CB6-CEF2-4F88-A9B8-8C604BC1575B}"
EndProject
Project("{8BC9CEB8-8B4A-11D0-8D11-00A0C91BC942}") = "SumList", "SumList\SumList.vcxproj", "{0E336948-4976-418C-AFF8-17E4900BAF69}"
EndProject
Project("{8BC9CEB8-8B4A-11D0-8D11-00A0C91BC942}") = "ReverseWord", "ReverseWord\ReverseWord.vcxproj", "{05A1CD12-2584-4E82-86C3-8674E2E9981C}"
EndProject
Project("{8BC9CEB8-8B4A-11D0-8D11-00A0C91BC942}") = "Strlen", "strlen\strlen.vcxproj", "{61C4D331-BF00-41FD-953F-B52EECCF8D8F}"
EndProject
Project("{8BC9CEB8-8B4A-11D0-8D11-00A0C91BC942}") = "SumNumberElements", "SumNumberElements\SumNumberElements.vcxproj", "{B9193D47-1231-47A5-95FB-7293792DA5FE}"
EndProject
Project("{8BC9CEB8-8B4A-11D0-8D11-00A0C91BC942}") = "ReverseLinkedList", "ReverseLinkedList\ReverseLinkedList.vcxproj", "{BA974B39-0D96-48FC-92ED-656072E989FE}"
EndProject
Project("{8BC9CEB8-8B4A-11D0-8D11-00A0C91BC942}") = "leetcode46-Permute", "Perm\Perm.vcxproj", "{CFDBE11B-1487-42AB-B17F-41CB5E5ED770}"
EndProject
Project("{8BC9CEB8-8B4A-11D0-8D11-00A0C91BC942}") = "leetcode141-hasCycle", "leetcode141-hasCycle\leetcode141-hasCycle.vcxproj", "{ACD3A610-91B4-4CCF-B970-E786C2F8BAC4}"
EndProject
Project("{8BC9CEB8-8B4A-11D0-8D11-00A0C91BC942}") = "leetcode142-detectCycle", "leetcode142-detectCycle\leetcode142-detectCycle.vcxproj", "{C3B5C9BD-6C35-4BA8-9176-193762D2AAF6}"
EndProject
Project("{8BC9CEB8-8B4A-11D0-8D11-00A0C91BC942}") = "leetcode345-ReverseVowels", "leetcode345-ReverseVowels\leetcode345-ReverseVowels.vcxproj", "{E0DC4336-344B-46C9-BCFA-A014539816F2}"
EndProject
Project("{8BC9CEB8-8B4A-11D0-8D11-00A0C91BC942}") = "leetcode680-vaildPalindrome", "leetcode680-vaildPalindrome\leetcode680-vaildPalindrome.vcxproj", "{2058ADB0-07B9-4DA2-83DD-80E5E89E2FB0}"
EndProject
Project("{8BC9CEB8-8B4A-11D0-8D11-00A0C91BC942}") = "leetcode167-twoSumII", "leetcode167-twoSumII\leetcode167-twoSumII.vcxproj", "{BC3800D8-D71D-47E9-B35A-3A47AA5C01B8}"
EndProject
Project("{8BC9CEB8-8B4A-11D0-8D11-00A0C91BC942}") = "leetcode12-IntToRoman", "leetcode12-IntToRoman\leetcode12-IntToRoman.vcxproj", "{36ED9144-195D-4079-BCAB-1316BECA780D}"
EndProject
Project("{8BC9CEB8-8B4A-11D0-8D11-00A0C91BC942}") = "CoinChange", "CoinChange\CoinChange.vcxproj", "{2B5D07A5-5EA2-4184-A3B8-09A4C6C75C6C}"
EndProject
Project("{8BC9CEB8-8B4A-11D0-8D11-00A0C91BC942}") = "leecode62-UniquePaths", "UniquePath\UniquePath.vcxproj", "{104673DE-95BE-4846-AB3E-CE1F404510F0}"
EndProject
Project("{8BC9CEB8-8B4A-11D0-8D11-00A0C91BC942}") = "jumpStair", "jumpStair\jumpStair.vcxproj", "{79E11A0F-3C7C-4637-9EC6-4FF8E0C59E5E}"
EndProject
Project("{8BC9CEB8-8B4A-11D0-8D11-00A0C91BC942}") = "CoinChangeII", "CoinChangeII\CoinChangeII.vcxproj", "{BF9FFBF8-C78D-42A3-B101-C622FDD3F6DD}"
EndProject
Project("{2150E333-8FDC-42A3-9474-1A3956D46DE8}") = "KnapsackProblem", "KnapsackProblem", "{CACF2C4A-0567-44C1-B16D-EA2550BAA608}"
EndProject
Project("{8BC9CEB8-8B4A-11D0-8D11-00A0C91BC942}") = "01KnapsackProblem", "01KnapsackProblem\01KnapsackProblem.vcxproj", "{A5C43DD6-30E0-4B03-9836-01FCBDBB293D}"
EndProject
Project("{8BC9CEB8-8B4A-11D0-8D11-00A0C91BC942}") = "CompletelyKnapsack", "CompletelyKnapsack\CompletelyKnapsack.vcxproj", "{88C32007-D750-427A-B6D7-D6563BD77CEC}"
EndProject
Project("{8BC9CEB8-8B4A-11D0-8D11-00A0C91BC942}") = "leetcode322-CoinChange", "leetcode322-CoinChange\leetcode322-CoinChange.vcxproj", "{E05F3C74-C479-47B5-B008-834099870283}"
EndProject
Project("{8BC9CEB8-8B4A-11D0-8D11-00A0C91BC942}") = "leetcode416-CanPartition", "leetcode416-CanPartition\leetcode416-CanPartition.vcxproj", "{4ED2584A-4ECE-4DC6-8480-1DF2157FB98B}"
EndProject
Project("{8BC9CEB8-8B4A-11D0-8D11-00A0C91BC942}") = "leetcode100-isSameTree", "leetcode100-isSameTree\leetcode100-isSameTree.vcxproj", "{C4ACF930-B4F5-4E63-9B98-92D4FBEF2CC2}"
EndProject
Project("{8BC9CEB8-8B4A-11D0-8D11-00A0C91BC942}") = "leetcode300-LengthOfLIS", "leetcode300-LengthOfLIS\leetcode300-LengthOfLIS.vcxproj", "{9EB9A103-216D-48B2-AE3D-B6B84DBC9CC6}"
EndProject
Project("{8BC9CEB8-8B4A-11D0-8D11-00A0C91BC942}") = "leetcode523-checkSubarraySum", "leetcode523-checkSubarraySum\leetcode523-checkSubarraySum.vcxproj", "{BD0FD78D-DEBB-4D51-A5C8-D562CAC6CA76}"
EndProject
Project("{8BC9CEB8-8B4A-11D0-8D11-00A0C91BC942}") = "leetcode105-BuildTree", "leetcode105-BuildTree\leetcode105-BuildTree.vcxproj", "{190EDB41-0B49-40E0-944A-7D49AA129FBA}"
EndProject
Project("{8BC9CEB8-8B4A-11D0-8D11-00A0C91BC942}") = "Interview0805-Multiply", "Interview0805-Multiply\Interview0805-Multiply.vcxproj", "{E4849D95-BAEB-4268-883D-A3F1F3B0D601}"
EndProject
Project("{8BC9CEB8-8B4A-11D0-8D11-00A0C91BC942}") = "leetcode698-canPartitionKSubsets", "leetcode698-canPartitionKSubsets\leetcode698-canPartitionKSubsets.vcxproj", "{20BD7832-35B9-4BC8-8C94-BEF0120AE077}"
EndProject
Project("{8BC9CEB8-8B4A-11D0-8D11-00A0C91BC942}") = "leetcode509-Fib", "leetcode509-Fib\leetcode509-Fib.vcxproj", "{1C8562C0-7C0C-46F9-891F-05FA8BDA5196}"
EndProject
Global
	GlobalSection(SolutionConfigurationPlatforms) = preSolution
		Debug|x64 = Debug|x64
		Debug|x86 = Debug|x86
		Release|x64 = Release|x64
		Release|x86 = Release|x86
	EndGlobalSection
	GlobalSection(ProjectConfigurationPlatforms) = postSolution
		{B1DF6D84-9BE4-44B8-AF08-AB3BB63A361C}.Debug|x64.ActiveCfg = Debug|x64
		{B1DF6D84-9BE4-44B8-AF08-AB3BB63A361C}.Debug|x64.Build.0 = Debug|x64
		{B1DF6D84-9BE4-44B8-AF08-AB3BB63A361C}.Debug|x86.ActiveCfg = Debug|Win32
		{B1DF6D84-9BE4-44B8-AF08-AB3BB63A361C}.Debug|x86.Build.0 = Debug|Win32
		{B1DF6D84-9BE4-44B8-AF08-AB3BB63A361C}.Release|x64.ActiveCfg = Release|x64
		{B1DF6D84-9BE4-44B8-AF08-AB3BB63A361C}.Release|x64.Build.0 = Release|x64
		{B1DF6D84-9BE4-44B8-AF08-AB3BB63A361C}.Release|x86.ActiveCfg = Release|Win32
		{B1DF6D84-9BE4-44B8-AF08-AB3BB63A361C}.Release|x86.Build.0 = Release|Win32
		{60385332-9BA7-4429-B559-18FBE19017E7}.Debug|x64.ActiveCfg = Debug|x64
		{60385332-9BA7-4429-B559-18FBE19017E7}.Debug|x64.Build.0 = Debug|x64
		{60385332-9BA7-4429-B559-18FBE19017E7}.Debug|x86.ActiveCfg = Debug|Win32
		{60385332-9BA7-4429-B559-18FBE19017E7}.Debug|x86.Build.0 = Debug|Win32
		{60385332-9BA7-4429-B559-18FBE19017E7}.Release|x64.ActiveCfg = Release|x64
		{60385332-9BA7-4429-B559-18FBE19017E7}.Release|x64.Build.0 = Release|x64
		{60385332-9BA7-4429-B559-18FBE19017E7}.Release|x86.ActiveCfg = Release|Win32
		{60385332-9BA7-4429-B559-18FBE19017E7}.Release|x86.Build.0 = Release|Win32
		{AB71028A-5F0C-4434-9EE1-CD429CADD2C0}.Debug|x64.ActiveCfg = Debug|x64
		{AB71028A-5F0C-4434-9EE1-CD429CADD2C0}.Debug|x64.Build.0 = Debug|x64
		{AB71028A-5F0C-4434-9EE1-CD429CADD2C0}.Debug|x86.ActiveCfg = Debug|Win32
		{AB71028A-5F0C-4434-9EE1-CD429CADD2C0}.Debug|x86.Build.0 = Debug|Win32
		{AB71028A-5F0C-4434-9EE1-CD429CADD2C0}.Release|x64.ActiveCfg = Release|x64
		{AB71028A-5F0C-4434-9EE1-CD429CADD2C0}.Release|x64.Build.0 = Release|x64
		{AB71028A-5F0C-4434-9EE1-CD429CADD2C0}.Release|x86.ActiveCfg = Release|Win32
		{AB71028A-5F0C-4434-9EE1-CD429CADD2C0}.Release|x86.Build.0 = Release|Win32
		{B7605A19-B9A8-46F7-BDA9-E043C34349F3}.Debug|x64.ActiveCfg = Debug|x64
		{B7605A19-B9A8-46F7-BDA9-E043C34349F3}.Debug|x64.Build.0 = Debug|x64
		{B7605A19-B9A8-46F7-BDA9-E043C34349F3}.Debug|x86.ActiveCfg = Debug|Win32
		{B7605A19-B9A8-46F7-BDA9-E043C34349F3}.Debug|x86.Build.0 = Debug|Win32
		{B7605A19-B9A8-46F7-BDA9-E043C34349F3}.Release|x64.ActiveCfg = Release|x64
		{B7605A19-B9A8-46F7-BDA9-E043C34349F3}.Release|x64.Build.0 = Release|x64
		{B7605A19-B9A8-46F7-BDA9-E043C34349F3}.Release|x86.ActiveCfg = Release|Win32
		{B7605A19-B9A8-46F7-BDA9-E043C34349F3}.Release|x86.Build.0 = Release|Win32
		{AD1DC9B2-3B85-41A8-8115-73FE40617905}.Debug|x64.ActiveCfg = Debug|x64
		{AD1DC9B2-3B85-41A8-8115-73FE40617905}.Debug|x64.Build.0 = Debug|x64
		{AD1DC9B2-3B85-41A8-8115-73FE40617905}.Debug|x86.ActiveCfg = Debug|Win32
		{AD1DC9B2-3B85-41A8-8115-73FE40617905}.Debug|x86.Build.0 = Debug|Win32
		{AD1DC9B2-3B85-41A8-8115-73FE40617905}.Release|x64.ActiveCfg = Release|x64
		{AD1DC9B2-3B85-41A8-8115-73FE40617905}.Release|x64.Build.0 = Release|x64
		{AD1DC9B2-3B85-41A8-8115-73FE40617905}.Release|x86.ActiveCfg = Release|Win32
		{AD1DC9B2-3B85-41A8-8115-73FE40617905}.Release|x86.Build.0 = Release|Win32
		{7F03B6D3-9DA5-4C58-8EB0-D7184290D591}.Debug|x64.ActiveCfg = Debug|x64
		{7F03B6D3-9DA5-4C58-8EB0-D7184290D591}.Debug|x64.Build.0 = Debug|x64
		{7F03B6D3-9DA5-4C58-8EB0-D7184290D591}.Debug|x86.ActiveCfg = Debug|Win32
		{7F03B6D3-9DA5-4C58-8EB0-D7184290D591}.Debug|x86.Build.0 = Debug|Win32
		{7F03B6D3-9DA5-4C58-8EB0-D7184290D591}.Release|x64.ActiveCfg = Release|x64
		{7F03B6D3-9DA5-4C58-8EB0-D7184290D591}.Release|x64.Build.0 = Release|x64
		{7F03B6D3-9DA5-4C58-8EB0-D7184290D591}.Release|x86.ActiveCfg = Release|Win32
		{7F03B6D3-9DA5-4C58-8EB0-D7184290D591}.Release|x86.Build.0 = Release|Win32
		{BE1A9ECA-00CC-4E15-B583-6679AE4AB392}.Debug|x64.ActiveCfg = Debug|x64
		{BE1A9ECA-00CC-4E15-B583-6679AE4AB392}.Debug|x64.Build.0 = Debug|x64
		{BE1A9ECA-00CC-4E15-B583-6679AE4AB392}.Debug|x86.ActiveCfg = Debug|Win32
		{BE1A9ECA-00CC-4E15-B583-6679AE4AB392}.Debug|x86.Build.0 = Debug|Win32
		{BE1A9ECA-00CC-4E15-B583-6679AE4AB392}.Release|x64.ActiveCfg = Release|x64
		{BE1A9ECA-00CC-4E15-B583-6679AE4AB392}.Release|x64.Build.0 = Release|x64
		{BE1A9ECA-00CC-4E15-B583-6679AE4AB392}.Release|x86.ActiveCfg = Release|Win32
		{BE1A9ECA-00CC-4E15-B583-6679AE4AB392}.Release|x86.Build.0 = Release|Win32
		{9DB8A120-1944-45DD-BD7A-EA02E1ABB941}.Debug|x64.ActiveCfg = Debug|x64
		{9DB8A120-1944-45DD-BD7A-EA02E1ABB941}.Debug|x64.Build.0 = Debug|x64
		{9DB8A120-1944-45DD-BD7A-EA02E1ABB941}.Debug|x86.ActiveCfg = Debug|Win32
		{9DB8A120-1944-45DD-BD7A-EA02E1ABB941}.Debug|x86.Build.0 = Debug|Win32
		{9DB8A120-1944-45DD-BD7A-EA02E1ABB941}.Release|x64.ActiveCfg = Release|x64
		{9DB8A120-1944-45DD-BD7A-EA02E1ABB941}.Release|x64.Build.0 = Release|x64
		{9DB8A120-1944-45DD-BD7A-EA02E1ABB941}.Release|x86.ActiveCfg = Release|Win32
		{9DB8A120-1944-45DD-BD7A-EA02E1ABB941}.Release|x86.Build.0 = Release|Win32
		{196F81F2-6D7E-4516-970E-42CF641491B9}.Debug|x64.ActiveCfg = Debug|x64
		{196F81F2-6D7E-4516-970E-42CF641491B9}.Debug|x64.Build.0 = Debug|x64
		{196F81F2-6D7E-4516-970E-42CF641491B9}.Debug|x86.ActiveCfg = Debug|Win32
		{196F81F2-6D7E-4516-970E-42CF641491B9}.Debug|x86.Build.0 = Debug|Win32
		{196F81F2-6D7E-4516-970E-42CF641491B9}.Release|x64.ActiveCfg = Release|x64
		{196F81F2-6D7E-4516-970E-42CF641491B9}.Release|x64.Build.0 = Release|x64
		{196F81F2-6D7E-4516-970E-42CF641491B9}.Release|x86.ActiveCfg = Release|Win32
		{196F81F2-6D7E-4516-970E-42CF641491B9}.Release|x86.Build.0 = Release|Win32
		{DE81EA78-D6B4-439E-9455-3188F903D068}.Debug|x64.ActiveCfg = Debug|x64
		{DE81EA78-D6B4-439E-9455-3188F903D068}.Debug|x64.Build.0 = Debug|x64
		{DE81EA78-D6B4-439E-9455-3188F903D068}.Debug|x86.ActiveCfg = Debug|Win32
		{DE81EA78-D6B4-439E-9455-3188F903D068}.Debug|x86.Build.0 = Debug|Win32
		{DE81EA78-D6B4-439E-9455-3188F903D068}.Release|x64.ActiveCfg = Release|x64
		{DE81EA78-D6B4-439E-9455-3188F903D068}.Release|x64.Build.0 = Release|x64
		{DE81EA78-D6B4-439E-9455-3188F903D068}.Release|x86.ActiveCfg = Release|Win32
		{DE81EA78-D6B4-439E-9455-3188F903D068}.Release|x86.Build.0 = Release|Win32
		{B110D26F-65AB-404F-A5C6-568C9662C525}.Debug|x64.ActiveCfg = Debug|x64
		{B110D26F-65AB-404F-A5C6-568C9662C525}.Debug|x64.Build.0 = Debug|x64
		{B110D26F-65AB-404F-A5C6-568C9662C525}.Debug|x86.ActiveCfg = Debug|Win32
		{B110D26F-65AB-404F-A5C6-568C9662C525}.Debug|x86.Build.0 = Debug|Win32
		{B110D26F-65AB-404F-A5C6-568C9662C525}.Release|x64.ActiveCfg = Release|x64
		{B110D26F-65AB-404F-A5C6-568C9662C525}.Release|x64.Build.0 = Release|x64
		{B110D26F-65AB-404F-A5C6-568C9662C525}.Release|x86.ActiveCfg = Release|Win32
		{B110D26F-65AB-404F-A5C6-568C9662C525}.Release|x86.Build.0 = Release|Win32
		{9CA6E2E6-65EC-43C0-A913-58D1CCC70CE1}.Debug|x64.ActiveCfg = Debug|x64
		{9CA6E2E6-65EC-43C0-A913-58D1CCC70CE1}.Debug|x64.Build.0 = Debug|x64
		{9CA6E2E6-65EC-43C0-A913-58D1CCC70CE1}.Debug|x86.ActiveCfg = Debug|Win32
		{9CA6E2E6-65EC-43C0-A913-58D1CCC70CE1}.Debug|x86.Build.0 = Debug|Win32
		{9CA6E2E6-65EC-43C0-A913-58D1CCC70CE1}.Release|x64.ActiveCfg = Release|x64
		{9CA6E2E6-65EC-43C0-A913-58D1CCC70CE1}.Release|x64.Build.0 = Release|x64
		{9CA6E2E6-65EC-43C0-A913-58D1CCC70CE1}.Release|x86.ActiveCfg = Release|Win32
		{9CA6E2E6-65EC-43C0-A913-58D1CCC70CE1}.Release|x86.Build.0 = Release|Win32
		{E341D30C-C065-4244-874B-5DA8A92F4AD6}.Debug|x64.ActiveCfg = Debug|x64
		{E341D30C-C065-4244-874B-5DA8A92F4AD6}.Debug|x64.Build.0 = Debug|x64
		{E341D30C-C065-4244-874B-5DA8A92F4AD6}.Debug|x86.ActiveCfg = Debug|Win32
		{E341D30C-C065-4244-874B-5DA8A92F4AD6}.Debug|x86.Build.0 = Debug|Win32
		{E341D30C-C065-4244-874B-5DA8A92F4AD6}.Release|x64.ActiveCfg = Release|x64
		{E341D30C-C065-4244-874B-5DA8A92F4AD6}.Release|x64.Build.0 = Release|x64
		{E341D30C-C065-4244-874B-5DA8A92F4AD6}.Release|x86.ActiveCfg = Release|Win32
		{E341D30C-C065-4244-874B-5DA8A92F4AD6}.Release|x86.Build.0 = Release|Win32
		{148616F0-544E-4084-81D6-A397CB290160}.Debug|x64.ActiveCfg = Debug|x64
		{148616F0-544E-4084-81D6-A397CB290160}.Debug|x64.Build.0 = Debug|x64
		{148616F0-544E-4084-81D6-A397CB290160}.Debug|x86.ActiveCfg = Debug|Win32
		{148616F0-544E-4084-81D6-A397CB290160}.Debug|x86.Build.0 = Debug|Win32
		{148616F0-544E-4084-81D6-A397CB290160}.Release|x64.ActiveCfg = Release|x64
		{148616F0-544E-4084-81D6-A397CB290160}.Release|x64.Build.0 = Release|x64
		{148616F0-544E-4084-81D6-A397CB290160}.Release|x86.ActiveCfg = Release|Win32
		{148616F0-544E-4084-81D6-A397CB290160}.Release|x86.Build.0 = Release|Win32
		{11B9CEE7-94AC-4B9B-9720-E3E3FB4B9242}.Debug|x64.ActiveCfg = Debug|x64
		{11B9CEE7-94AC-4B9B-9720-E3E3FB4B9242}.Debug|x64.Build.0 = Debug|x64
		{11B9CEE7-94AC-4B9B-9720-E3E3FB4B9242}.Debug|x86.ActiveCfg = Debug|Win32
		{11B9CEE7-94AC-4B9B-9720-E3E3FB4B9242}.Debug|x86.Build.0 = Debug|Win32
		{11B9CEE7-94AC-4B9B-9720-E3E3FB4B9242}.Release|x64.ActiveCfg = Release|x64
		{11B9CEE7-94AC-4B9B-9720-E3E3FB4B9242}.Release|x64.Build.0 = Release|x64
		{11B9CEE7-94AC-4B9B-9720-E3E3FB4B9242}.Release|x86.ActiveCfg = Release|Win32
		{11B9CEE7-94AC-4B9B-9720-E3E3FB4B9242}.Release|x86.Build.0 = Release|Win32
		{067AA8D4-5940-4A4A-95D0-77F0D1FF794D}.Debug|x64.ActiveCfg = Debug|x64
		{067AA8D4-5940-4A4A-95D0-77F0D1FF794D}.Debug|x64.Build.0 = Debug|x64
		{067AA8D4-5940-4A4A-95D0-77F0D1FF794D}.Debug|x86.ActiveCfg = Debug|Win32
		{067AA8D4-5940-4A4A-95D0-77F0D1FF794D}.Debug|x86.Build.0 = Debug|Win32
		{067AA8D4-5940-4A4A-95D0-77F0D1FF794D}.Release|x64.ActiveCfg = Release|x64
		{067AA8D4-5940-4A4A-95D0-77F0D1FF794D}.Release|x64.Build.0 = Release|x64
		{067AA8D4-5940-4A4A-95D0-77F0D1FF794D}.Release|x86.ActiveCfg = Release|Win32
		{067AA8D4-5940-4A4A-95D0-77F0D1FF794D}.Release|x86.Build.0 = Release|Win32
		{2782C2CF-062F-40E2-BAEB-4D4FEBB5B073}.Debug|x64.ActiveCfg = Debug|x64
		{2782C2CF-062F-40E2-BAEB-4D4FEBB5B073}.Debug|x64.Build.0 = Debug|x64
		{2782C2CF-062F-40E2-BAEB-4D4FEBB5B073}.Debug|x86.ActiveCfg = Debug|Win32
		{2782C2CF-062F-40E2-BAEB-4D4FEBB5B073}.Debug|x86.Build.0 = Debug|Win32
		{2782C2CF-062F-40E2-BAEB-4D4FEBB5B073}.Release|x64.ActiveCfg = Release|x64
		{2782C2CF-062F-40E2-BAEB-4D4FEBB5B073}.Release|x64.Build.0 = Release|x64
		{2782C2CF-062F-40E2-BAEB-4D4FEBB5B073}.Release|x86.ActiveCfg = Release|Win32
		{2782C2CF-062F-40E2-BAEB-4D4FEBB5B073}.Release|x86.Build.0 = Release|Win32
		{A6B81C64-23D0-4024-BD8E-87B260C9FF33}.Debug|x64.ActiveCfg = Debug|x64
		{A6B81C64-23D0-4024-BD8E-87B260C9FF33}.Debug|x64.Build.0 = Debug|x64
		{A6B81C64-23D0-4024-BD8E-87B260C9FF33}.Debug|x86.ActiveCfg = Debug|Win32
		{A6B81C64-23D0-4024-BD8E-87B260C9FF33}.Debug|x86.Build.0 = Debug|Win32
		{A6B81C64-23D0-4024-BD8E-87B260C9FF33}.Release|x64.ActiveCfg = Release|x64
		{A6B81C64-23D0-4024-BD8E-87B260C9FF33}.Release|x64.Build.0 = Release|x64
		{A6B81C64-23D0-4024-BD8E-87B260C9FF33}.Release|x86.ActiveCfg = Release|Win32
		{A6B81C64-23D0-4024-BD8E-87B260C9FF33}.Release|x86.Build.0 = Release|Win32
		{ADB81259-FE74-41AC-964D-124E77EEDEE8}.Debug|x64.ActiveCfg = Debug|x64
		{ADB81259-FE74-41AC-964D-124E77EEDEE8}.Debug|x64.Build.0 = Debug|x64
		{ADB81259-FE74-41AC-964D-124E77EEDEE8}.Debug|x86.ActiveCfg = Debug|Win32
		{ADB81259-FE74-41AC-964D-124E77EEDEE8}.Debug|x86.Build.0 = Debug|Win32
		{ADB81259-FE74-41AC-964D-124E77EEDEE8}.Release|x64.ActiveCfg = Release|x64
		{ADB81259-FE74-41AC-964D-124E77EEDEE8}.Release|x64.Build.0 = Release|x64
		{ADB81259-FE74-41AC-964D-124E77EEDEE8}.Release|x86.ActiveCfg = Release|Win32
		{ADB81259-FE74-41AC-964D-124E77EEDEE8}.Release|x86.Build.0 = Release|Win32
		{07D24A2E-5C7B-40C5-BEF0-CC4A498701BA}.Debug|x64.ActiveCfg = Debug|x64
		{07D24A2E-5C7B-40C5-BEF0-CC4A498701BA}.Debug|x64.Build.0 = Debug|x64
		{07D24A2E-5C7B-40C5-BEF0-CC4A498701BA}.Debug|x86.ActiveCfg = Debug|Win32
		{07D24A2E-5C7B-40C5-BEF0-CC4A498701BA}.Debug|x86.Build.0 = Debug|Win32
		{07D24A2E-5C7B-40C5-BEF0-CC4A498701BA}.Release|x64.ActiveCfg = Release|x64
		{07D24A2E-5C7B-40C5-BEF0-CC4A498701BA}.Release|x64.Build.0 = Release|x64
		{07D24A2E-5C7B-40C5-BEF0-CC4A498701BA}.Release|x86.ActiveCfg = Release|Win32
		{07D24A2E-5C7B-40C5-BEF0-CC4A498701BA}.Release|x86.Build.0 = Release|Win32
		{70B8AD51-537A-476B-8090-D48053E05A23}.Debug|x64.ActiveCfg = Debug|x64
		{70B8AD51-537A-476B-8090-D48053E05A23}.Debug|x64.Build.0 = Debug|x64
		{70B8AD51-537A-476B-8090-D48053E05A23}.Debug|x86.ActiveCfg = Debug|Win32
		{70B8AD51-537A-476B-8090-D48053E05A23}.Debug|x86.Build.0 = Debug|Win32
		{70B8AD51-537A-476B-8090-D48053E05A23}.Release|x64.ActiveCfg = Release|x64
		{70B8AD51-537A-476B-8090-D48053E05A23}.Release|x64.Build.0 = Release|x64
		{70B8AD51-537A-476B-8090-D48053E05A23}.Release|x86.ActiveCfg = Release|Win32
		{70B8AD51-537A-476B-8090-D48053E05A23}.Release|x86.Build.0 = Release|Win32
		{87E28C45-FA9B-4709-8B47-324EB0FE3740}.Debug|x64.ActiveCfg = Debug|x64
		{87E28C45-FA9B-4709-8B47-324EB0FE3740}.Debug|x64.Build.0 = Debug|x64
		{87E28C45-FA9B-4709-8B47-324EB0FE3740}.Debug|x86.ActiveCfg = Debug|Win32
		{87E28C45-FA9B-4709-8B47-324EB0FE3740}.Debug|x86.Build.0 = Debug|Win32
		{87E28C45-FA9B-4709-8B47-324EB0FE3740}.Release|x64.ActiveCfg = Release|x64
		{87E28C45-FA9B-4709-8B47-324EB0FE3740}.Release|x64.Build.0 = Release|x64
		{87E28C45-FA9B-4709-8B47-324EB0FE3740}.Release|x86.ActiveCfg = Release|Win32
		{87E28C45-FA9B-4709-8B47-324EB0FE3740}.Release|x86.Build.0 = Release|Win32
		{AFB4B4DD-5E3E-4C02-8909-41A20458B370}.Debug|x64.ActiveCfg = Debug|x64
		{AFB4B4DD-5E3E-4C02-8909-41A20458B370}.Debug|x64.Build.0 = Debug|x64
		{AFB4B4DD-5E3E-4C02-8909-41A20458B370}.Debug|x86.ActiveCfg = Debug|Win32
		{AFB4B4DD-5E3E-4C02-8909-41A20458B370}.Debug|x86.Build.0 = Debug|Win32
		{AFB4B4DD-5E3E-4C02-8909-41A20458B370}.Release|x64.ActiveCfg = Release|x64
		{AFB4B4DD-5E3E-4C02-8909-41A20458B370}.Release|x64.Build.0 = Release|x64
		{AFB4B4DD-5E3E-4C02-8909-41A20458B370}.Release|x86.ActiveCfg = Release|Win32
		{AFB4B4DD-5E3E-4C02-8909-41A20458B370}.Release|x86.Build.0 = Release|Win32
		{D9CB6CB6-CEF2-4F88-A9B8-8C604BC1575B}.Debug|x64.ActiveCfg = Debug|x64
		{D9CB6CB6-CEF2-4F88-A9B8-8C604BC1575B}.Debug|x64.Build.0 = Debug|x64
		{D9CB6CB6-CEF2-4F88-A9B8-8C604BC1575B}.Debug|x86.ActiveCfg = Debug|Win32
		{D9CB6CB6-CEF2-4F88-A9B8-8C604BC1575B}.Debug|x86.Build.0 = Debug|Win32
		{D9CB6CB6-CEF2-4F88-A9B8-8C604BC1575B}.Release|x64.ActiveCfg = Release|x64
		{D9CB6CB6-CEF2-4F88-A9B8-8C604BC1575B}.Release|x64.Build.0 = Release|x64
		{D9CB6CB6-CEF2-4F88-A9B8-8C604BC1575B}.Release|x86.ActiveCfg = Release|Win32
		{D9CB6CB6-CEF2-4F88-A9B8-8C604BC1575B}.Release|x86.Build.0 = Release|Win32
		{0E336948-4976-418C-AFF8-17E4900BAF69}.Debug|x64.ActiveCfg = Debug|x64
		{0E336948-4976-418C-AFF8-17E4900BAF69}.Debug|x64.Build.0 = Debug|x64
		{0E336948-4976-418C-AFF8-17E4900BAF69}.Debug|x86.ActiveCfg = Debug|Win32
		{0E336948-4976-418C-AFF8-17E4900BAF69}.Debug|x86.Build.0 = Debug|Win32
		{0E336948-4976-418C-AFF8-17E4900BAF69}.Release|x64.ActiveCfg = Release|x64
		{0E336948-4976-418C-AFF8-17E4900BAF69}.Release|x64.Build.0 = Release|x64
		{0E336948-4976-418C-AFF8-17E4900BAF69}.Release|x86.ActiveCfg = Release|Win32
		{0E336948-4976-418C-AFF8-17E4900BAF69}.Release|x86.Build.0 = Release|Win32
		{05A1CD12-2584-4E82-86C3-8674E2E9981C}.Debug|x64.ActiveCfg = Debug|x64
		{05A1CD12-2584-4E82-86C3-8674E2E9981C}.Debug|x64.Build.0 = Debug|x64
		{05A1CD12-2584-4E82-86C3-8674E2E9981C}.Debug|x86.ActiveCfg = Debug|Win32
		{05A1CD12-2584-4E82-86C3-8674E2E9981C}.Debug|x86.Build.0 = Debug|Win32
		{05A1CD12-2584-4E82-86C3-8674E2E9981C}.Release|x64.ActiveCfg = Release|x64
		{05A1CD12-2584-4E82-86C3-8674E2E9981C}.Release|x64.Build.0 = Release|x64
		{05A1CD12-2584-4E82-86C3-8674E2E9981C}.Release|x86.ActiveCfg = Release|Win32
		{05A1CD12-2584-4E82-86C3-8674E2E9981C}.Release|x86.Build.0 = Release|Win32
		{61C4D331-BF00-41FD-953F-B52EECCF8D8F}.Debug|x64.ActiveCfg = Debug|x64
		{61C4D331-BF00-41FD-953F-B52EECCF8D8F}.Debug|x64.Build.0 = Debug|x64
		{61C4D331-BF00-41FD-953F-B52EECCF8D8F}.Debug|x86.ActiveCfg = Debug|Win32
		{61C4D331-BF00-41FD-953F-B52EECCF8D8F}.Debug|x86.Build.0 = Debug|Win32
		{61C4D331-BF00-41FD-953F-B52EECCF8D8F}.Release|x64.ActiveCfg = Release|x64
		{61C4D331-BF00-41FD-953F-B52EECCF8D8F}.Release|x64.Build.0 = Release|x64
		{61C4D331-BF00-41FD-953F-B52EECCF8D8F}.Release|x86.ActiveCfg = Release|Win32
		{61C4D331-BF00-41FD-953F-B52EECCF8D8F}.Release|x86.Build.0 = Release|Win32
		{B9193D47-1231-47A5-95FB-7293792DA5FE}.Debug|x64.ActiveCfg = Debug|x64
		{B9193D47-1231-47A5-95FB-7293792DA5FE}.Debug|x64.Build.0 = Debug|x64
		{B9193D47-1231-47A5-95FB-7293792DA5FE}.Debug|x86.ActiveCfg = Debug|Win32
		{B9193D47-1231-47A5-95FB-7293792DA5FE}.Debug|x86.Build.0 = Debug|Win32
		{B9193D47-1231-47A5-95FB-7293792DA5FE}.Release|x64.ActiveCfg = Release|x64
		{B9193D47-1231-47A5-95FB-7293792DA5FE}.Release|x64.Build.0 = Release|x64
		{B9193D47-1231-47A5-95FB-7293792DA5FE}.Release|x86.ActiveCfg = Release|Win32
		{B9193D47-1231-47A5-95FB-7293792DA5FE}.Release|x86.Build.0 = Release|Win32
		{BA974B39-0D96-48FC-92ED-656072E989FE}.Debug|x64.ActiveCfg = Debug|x64
		{BA974B39-0D96-48FC-92ED-656072E989FE}.Debug|x64.Build.0 = Debug|x64
		{BA974B39-0D96-48FC-92ED-656072E989FE}.Debug|x86.ActiveCfg = Debug|Win32
		{BA974B39-0D96-48FC-92ED-656072E989FE}.Debug|x86.Build.0 = Debug|Win32
		{BA974B39-0D96-48FC-92ED-656072E989FE}.Release|x64.ActiveCfg = Release|x64
		{BA974B39-0D96-48FC-92ED-656072E989FE}.Release|x64.Build.0 = Release|x64
		{BA974B39-0D96-48FC-92ED-656072E989FE}.Release|x86.ActiveCfg = Release|Win32
		{BA974B39-0D96-48FC-92ED-656072E989FE}.Release|x86.Build.0 = Release|Win32
		{CFDBE11B-1487-42AB-B17F-41CB5E5ED770}.Debug|x64.ActiveCfg = Debug|x64
		{CFDBE11B-1487-42AB-B17F-41CB5E5ED770}.Debug|x64.Build.0 = Debug|x64
		{CFDBE11B-1487-42AB-B17F-41CB5E5ED770}.Debug|x86.ActiveCfg = Debug|Win32
		{CFDBE11B-1487-42AB-B17F-41CB5E5ED770}.Debug|x86.Build.0 = Debug|Win32
		{CFDBE11B-1487-42AB-B17F-41CB5E5ED770}.Release|x64.ActiveCfg = Release|x64
		{CFDBE11B-1487-42AB-B17F-41CB5E5ED770}.Release|x64.Build.0 = Release|x64
		{CFDBE11B-1487-42AB-B17F-41CB5E5ED770}.Release|x86.ActiveCfg = Release|Win32
		{CFDBE11B-1487-42AB-B17F-41CB5E5ED770}.Release|x86.Build.0 = Release|Win32
		{ACD3A610-91B4-4CCF-B970-E786C2F8BAC4}.Debug|x64.ActiveCfg = Debug|x64
		{ACD3A610-91B4-4CCF-B970-E786C2F8BAC4}.Debug|x64.Build.0 = Debug|x64
		{ACD3A610-91B4-4CCF-B970-E786C2F8BAC4}.Debug|x86.ActiveCfg = Debug|Win32
		{ACD3A610-91B4-4CCF-B970-E786C2F8BAC4}.Debug|x86.Build.0 = Debug|Win32
		{ACD3A610-91B4-4CCF-B970-E786C2F8BAC4}.Release|x64.ActiveCfg = Release|x64
		{ACD3A610-91B4-4CCF-B970-E786C2F8BAC4}.Release|x64.Build.0 = Release|x64
		{ACD3A610-91B4-4CCF-B970-E786C2F8BAC4}.Release|x86.ActiveCfg = Release|Win32
		{ACD3A610-91B4-4CCF-B970-E786C2F8BAC4}.Release|x86.Build.0 = Release|Win32
		{C3B5C9BD-6C35-4BA8-9176-193762D2AAF6}.Debug|x64.ActiveCfg = Debug|x64
		{C3B5C9BD-6C35-4BA8-9176-193762D2AAF6}.Debug|x64.Build.0 = Debug|x64
		{C3B5C9BD-6C35-4BA8-9176-193762D2AAF6}.Debug|x86.ActiveCfg = Debug|Win32
		{C3B5C9BD-6C35-4BA8-9176-193762D2AAF6}.Debug|x86.Build.0 = Debug|Win32
		{C3B5C9BD-6C35-4BA8-9176-193762D2AAF6}.Release|x64.ActiveCfg = Release|x64
		{C3B5C9BD-6C35-4BA8-9176-193762D2AAF6}.Release|x64.Build.0 = Release|x64
		{C3B5C9BD-6C35-4BA8-9176-193762D2AAF6}.Release|x86.ActiveCfg = Release|Win32
		{C3B5C9BD-6C35-4BA8-9176-193762D2AAF6}.Release|x86.Build.0 = Release|Win32
		{E0DC4336-344B-46C9-BCFA-A014539816F2}.Debug|x64.ActiveCfg = Debug|x64
		{E0DC4336-344B-46C9-BCFA-A014539816F2}.Debug|x64.Build.0 = Debug|x64
		{E0DC4336-344B-46C9-BCFA-A014539816F2}.Debug|x86.ActiveCfg = Debug|Win32
		{E0DC4336-344B-46C9-BCFA-A014539816F2}.Debug|x86.Build.0 = Debug|Win32
		{E0DC4336-344B-46C9-BCFA-A014539816F2}.Release|x64.ActiveCfg = Release|x64
		{E0DC4336-344B-46C9-BCFA-A014539816F2}.Release|x64.Build.0 = Release|x64
		{E0DC4336-344B-46C9-BCFA-A014539816F2}.Release|x86.ActiveCfg = Release|Win32
		{E0DC4336-344B-46C9-BCFA-A014539816F2}.Release|x86.Build.0 = Release|Win32
		{2058ADB0-07B9-4DA2-83DD-80E5E89E2FB0}.Debug|x64.ActiveCfg = Debug|x64
		{2058ADB0-07B9-4DA2-83DD-80E5E89E2FB0}.Debug|x64.Build.0 = Debug|x64
		{2058ADB0-07B9-4DA2-83DD-80E5E89E2FB0}.Debug|x86.ActiveCfg = Debug|Win32
		{2058ADB0-07B9-4DA2-83DD-80E5E89E2FB0}.Debug|x86.Build.0 = Debug|Win32
		{2058ADB0-07B9-4DA2-83DD-80E5E89E2FB0}.Release|x64.ActiveCfg = Release|x64
		{2058ADB0-07B9-4DA2-83DD-80E5E89E2FB0}.Release|x64.Build.0 = Release|x64
		{2058ADB0-07B9-4DA2-83DD-80E5E89E2FB0}.Release|x86.ActiveCfg = Release|Win32
		{2058ADB0-07B9-4DA2-83DD-80E5E89E2FB0}.Release|x86.Build.0 = Release|Win32
		{BC3800D8-D71D-47E9-B35A-3A47AA5C01B8}.Debug|x64.ActiveCfg = Debug|x64
		{BC3800D8-D71D-47E9-B35A-3A47AA5C01B8}.Debug|x64.Build.0 = Debug|x64
		{BC3800D8-D71D-47E9-B35A-3A47AA5C01B8}.Debug|x86.ActiveCfg = Debug|Win32
		{BC3800D8-D71D-47E9-B35A-3A47AA5C01B8}.Debug|x86.Build.0 = Debug|Win32
		{BC3800D8-D71D-47E9-B35A-3A47AA5C01B8}.Release|x64.ActiveCfg = Release|x64
		{BC3800D8-D71D-47E9-B35A-3A47AA5C01B8}.Release|x64.Build.0 = Release|x64
		{BC3800D8-D71D-47E9-B35A-3A47AA5C01B8}.Release|x86.ActiveCfg = Release|Win32
		{BC3800D8-D71D-47E9-B35A-3A47AA5C01B8}.Release|x86.Build.0 = Release|Win32
		{36ED9144-195D-4079-BCAB-1316BECA780D}.Debug|x64.ActiveCfg = Debug|x64
		{36ED9144-195D-4079-BCAB-1316BECA780D}.Debug|x64.Build.0 = Debug|x64
		{36ED9144-195D-4079-BCAB-1316BECA780D}.Debug|x86.ActiveCfg = Debug|Win32
		{36ED9144-195D-4079-BCAB-1316BECA780D}.Debug|x86.Build.0 = Debug|Win32
		{36ED9144-195D-4079-BCAB-1316BECA780D}.Release|x64.ActiveCfg = Release|x64
		{36ED9144-195D-4079-BCAB-1316BECA780D}.Release|x64.Build.0 = Release|x64
		{36ED9144-195D-4079-BCAB-1316BECA780D}.Release|x86.ActiveCfg = Release|Win32
		{36ED9144-195D-4079-BCAB-1316BECA780D}.Release|x86.Build.0 = Release|Win32
		{2B5D07A5-5EA2-4184-A3B8-09A4C6C75C6C}.Debug|x64.ActiveCfg = Debug|x64
		{2B5D07A5-5EA2-4184-A3B8-09A4C6C75C6C}.Debug|x64.Build.0 = Debug|x64
		{2B5D07A5-5EA2-4184-A3B8-09A4C6C75C6C}.Debug|x86.ActiveCfg = Debug|Win32
		{2B5D07A5-5EA2-4184-A3B8-09A4C6C75C6C}.Debug|x86.Build.0 = Debug|Win32
		{2B5D07A5-5EA2-4184-A3B8-09A4C6C75C6C}.Release|x64.ActiveCfg = Release|x64
		{2B5D07A5-5EA2-4184-A3B8-09A4C6C75C6C}.Release|x64.Build.0 = Release|x64
		{2B5D07A5-5EA2-4184-A3B8-09A4C6C75C6C}.Release|x86.ActiveCfg = Release|Win32
		{2B5D07A5-5EA2-4184-A3B8-09A4C6C75C6C}.Release|x86.Build.0 = Release|Win32
		{104673DE-95BE-4846-AB3E-CE1F404510F0}.Debug|x64.ActiveCfg = Debug|x64
		{104673DE-95BE-4846-AB3E-CE1F404510F0}.Debug|x64.Build.0 = Debug|x64
		{104673DE-95BE-4846-AB3E-CE1F404510F0}.Debug|x86.ActiveCfg = Debug|Win32
		{104673DE-95BE-4846-AB3E-CE1F404510F0}.Debug|x86.Build.0 = Debug|Win32
		{104673DE-95BE-4846-AB3E-CE1F404510F0}.Release|x64.ActiveCfg = Release|x64
		{104673DE-95BE-4846-AB3E-CE1F404510F0}.Release|x64.Build.0 = Release|x64
		{104673DE-95BE-4846-AB3E-CE1F404510F0}.Release|x86.ActiveCfg = Release|Win32
		{104673DE-95BE-4846-AB3E-CE1F404510F0}.Release|x86.Build.0 = Release|Win32
		{79E11A0F-3C7C-4637-9EC6-4FF8E0C59E5E}.Debug|x64.ActiveCfg = Debug|x64
		{79E11A0F-3C7C-4637-9EC6-4FF8E0C59E5E}.Debug|x64.Build.0 = Debug|x64
		{79E11A0F-3C7C-4637-9EC6-4FF8E0C59E5E}.Debug|x86.ActiveCfg = Debug|Win32
		{79E11A0F-3C7C-4637-9EC6-4FF8E0C59E5E}.Debug|x86.Build.0 = Debug|Win32
		{79E11A0F-3C7C-4637-9EC6-4FF8E0C59E5E}.Release|x64.ActiveCfg = Release|x64
		{79E11A0F-3C7C-4637-9EC6-4FF8E0C59E5E}.Release|x64.Build.0 = Release|x64
		{79E11A0F-3C7C-4637-9EC6-4FF8E0C59E5E}.Release|x86.ActiveCfg = Release|Win32
		{79E11A0F-3C7C-4637-9EC6-4FF8E0C59E5E}.Release|x86.Build.0 = Release|Win32
		{BF9FFBF8-C78D-42A3-B101-C622FDD3F6DD}.Debug|x64.ActiveCfg = Debug|x64
		{BF9FFBF8-C78D-42A3-B101-C622FDD3F6DD}.Debug|x64.Build.0 = Debug|x64
		{BF9FFBF8-C78D-42A3-B101-C622FDD3F6DD}.Debug|x86.ActiveCfg = Debug|Win32
		{BF9FFBF8-C78D-42A3-B101-C622FDD3F6DD}.Debug|x86.Build.0 = Debug|Win32
		{BF9FFBF8-C78D-42A3-B101-C622FDD3F6DD}.Release|x64.ActiveCfg = Release|x64
		{BF9FFBF8-C78D-42A3-B101-C622FDD3F6DD}.Release|x64.Build.0 = Release|x64
		{BF9FFBF8-C78D-42A3-B101-C622FDD3F6DD}.Release|x86.ActiveCfg = Release|Win32
		{BF9FFBF8-C78D-42A3-B101-C622FDD3F6DD}.Release|x86.Build.0 = Release|Win32
		{A5C43DD6-30E0-4B03-9836-01FCBDBB293D}.Debug|x64.ActiveCfg = Debug|x64
		{A5C43DD6-30E0-4B03-9836-01FCBDBB293D}.Debug|x64.Build.0 = Debug|x64
		{A5C43DD6-30E0-4B03-9836-01FCBDBB293D}.Debug|x86.ActiveCfg = Debug|Win32
		{A5C43DD6-30E0-4B03-9836-01FCBDBB293D}.Debug|x86.Build.0 = Debug|Win32
		{A5C43DD6-30E0-4B03-9836-01FCBDBB293D}.Release|x64.ActiveCfg = Release|x64
		{A5C43DD6-30E0-4B03-9836-01FCBDBB293D}.Release|x64.Build.0 = Release|x64
		{A5C43DD6-30E0-4B03-9836-01FCBDBB293D}.Release|x86.ActiveCfg = Release|Win32
		{A5C43DD6-30E0-4B03-9836-01FCBDBB293D}.Release|x86.Build.0 = Release|Win32
		{88C32007-D750-427A-B6D7-D6563BD77CEC}.Debug|x64.ActiveCfg = Debug|x64
		{88C32007-D750-427A-B6D7-D6563BD77CEC}.Debug|x64.Build.0 = Debug|x64
		{88C32007-D750-427A-B6D7-D6563BD77CEC}.Debug|x86.ActiveCfg = Debug|Win32
		{88C32007-D750-427A-B6D7-D6563BD77CEC}.Debug|x86.Build.0 = Debug|Win32
		{88C32007-D750-427A-B6D7-D6563BD77CEC}.Release|x64.ActiveCfg = Release|x64
		{88C32007-D750-427A-B6D7-D6563BD77CEC}.Release|x64.Build.0 = Release|x64
		{88C32007-D750-427A-B6D7-D6563BD77CEC}.Release|x86.ActiveCfg = Release|Win32
		{88C32007-D750-427A-B6D7-D6563BD77CEC}.Release|x86.Build.0 = Release|Win32
		{E05F3C74-C479-47B5-B008-834099870283}.Debug|x64.ActiveCfg = Debug|x64
		{E05F3C74-C479-47B5-B008-834099870283}.Debug|x64.Build.0 = Debug|x64
		{E05F3C74-C479-47B5-B008-834099870283}.Debug|x86.ActiveCfg = Debug|Win32
		{E05F3C74-C479-47B5-B008-834099870283}.Debug|x86.Build.0 = Debug|Win32
		{E05F3C74-C479-47B5-B008-834099870283}.Release|x64.ActiveCfg = Release|x64
		{E05F3C74-C479-47B5-B008-834099870283}.Release|x64.Build.0 = Release|x64
		{E05F3C74-C479-47B5-B008-834099870283}.Release|x86.ActiveCfg = Release|Win32
		{E05F3C74-C479-47B5-B008-834099870283}.Release|x86.Build.0 = Release|Win32
		{4ED2584A-4ECE-4DC6-8480-1DF2157FB98B}.Debug|x64.ActiveCfg = Debug|x64
		{4ED2584A-4ECE-4DC6-8480-1DF2157FB98B}.Debug|x64.Build.0 = Debug|x64
		{4ED2584A-4ECE-4DC6-8480-1DF2157FB98B}.Debug|x86.ActiveCfg = Debug|Win32
		{4ED2584A-4ECE-4DC6-8480-1DF2157FB98B}.Debug|x86.Build.0 = Debug|Win32
		{4ED2584A-4ECE-4DC6-8480-1DF2157FB98B}.Release|x64.ActiveCfg = Release|x64
		{4ED2584A-4ECE-4DC6-8480-1DF2157FB98B}.Release|x64.Build.0 = Release|x64
		{4ED2584A-4ECE-4DC6-8480-1DF2157FB98B}.Release|x86.ActiveCfg = Release|Win32
		{4ED2584A-4ECE-4DC6-8480-1DF2157FB98B}.Release|x86.Build.0 = Release|Win32
		{C4ACF930-B4F5-4E63-9B98-92D4FBEF2CC2}.Debug|x64.ActiveCfg = Debug|x64
		{C4ACF930-B4F5-4E63-9B98-92D4FBEF2CC2}.Debug|x64.Build.0 = Debug|x64
		{C4ACF930-B4F5-4E63-9B98-92D4FBEF2CC2}.Debug|x86.ActiveCfg = Debug|Win32
		{C4ACF930-B4F5-4E63-9B98-92D4FBEF2CC2}.Debug|x86.Build.0 = Debug|Win32
		{C4ACF930-B4F5-4E63-9B98-92D4FBEF2CC2}.Release|x64.ActiveCfg = Release|x64
		{C4ACF930-B4F5-4E63-9B98-92D4FBEF2CC2}.Release|x64.Build.0 = Release|x64
		{C4ACF930-B4F5-4E63-9B98-92D4FBEF2CC2}.Release|x86.ActiveCfg = Release|Win32
		{C4ACF930-B4F5-4E63-9B98-92D4FBEF2CC2}.Release|x86.Build.0 = Release|Win32
		{9EB9A103-216D-48B2-AE3D-B6B84DBC9CC6}.Debug|x64.ActiveCfg = Debug|x64
		{9EB9A103-216D-48B2-AE3D-B6B84DBC9CC6}.Debug|x64.Build.0 = Debug|x64
		{9EB9A103-216D-48B2-AE3D-B6B84DBC9CC6}.Debug|x86.ActiveCfg = Debug|Win32
		{9EB9A103-216D-48B2-AE3D-B6B84DBC9CC6}.Debug|x86.Build.0 = Debug|Win32
		{9EB9A103-216D-48B2-AE3D-B6B84DBC9CC6}.Release|x64.ActiveCfg = Release|x64
		{9EB9A103-216D-48B2-AE3D-B6B84DBC9CC6}.Release|x64.Build.0 = Release|x64
		{9EB9A103-216D-48B2-AE3D-B6B84DBC9CC6}.Release|x86.ActiveCfg = Release|Win32
		{9EB9A103-216D-48B2-AE3D-B6B84DBC9CC6}.Release|x86.Build.0 = Release|Win32
		{BD0FD78D-DEBB-4D51-A5C8-D562CAC6CA76}.Debug|x64.ActiveCfg = Debug|x64
		{BD0FD78D-DEBB-4D51-A5C8-D562CAC6CA76}.Debug|x64.Build.0 = Debug|x64
		{BD0FD78D-DEBB-4D51-A5C8-D562CAC6CA76}.Debug|x86.ActiveCfg = Debug|Win32
		{BD0FD78D-DEBB-4D51-A5C8-D562CAC6CA76}.Debug|x86.Build.0 = Debug|Win32
		{BD0FD78D-DEBB-4D51-A5C8-D562CAC6CA76}.Release|x64.ActiveCfg = Release|x64
		{BD0FD78D-DEBB-4D51-A5C8-D562CAC6CA76}.Release|x64.Build.0 = Release|x64
		{BD0FD78D-DEBB-4D51-A5C8-D562CAC6CA76}.Release|x86.ActiveCfg = Release|Win32
		{BD0FD78D-DEBB-4D51-A5C8-D562CAC6CA76}.Release|x86.Build.0 = Release|Win32
		{190EDB41-0B49-40E0-944A-7D49AA129FBA}.Debug|x64.ActiveCfg = Debug|x64
		{190EDB41-0B49-40E0-944A-7D49AA129FBA}.Debug|x64.Build.0 = Debug|x64
		{190EDB41-0B49-40E0-944A-7D49AA129FBA}.Debug|x86.ActiveCfg = Debug|Win32
		{190EDB41-0B49-40E0-944A-7D49AA129FBA}.Debug|x86.Build.0 = Debug|Win32
		{190EDB41-0B49-40E0-944A-7D49AA129FBA}.Release|x64.ActiveCfg = Release|x64
		{190EDB41-0B49-40E0-944A-7D49AA129FBA}.Release|x64.Build.0 = Release|x64
		{190EDB41-0B49-40E0-944A-7D49AA129FBA}.Release|x86.ActiveCfg = Release|Win32
		{190EDB41-0B49-40E0-944A-7D49AA129FBA}.Release|x86.Build.0 = Release|Win32
		{E4849D95-BAEB-4268-883D-A3F1F3B0D601}.Debug|x64.ActiveCfg = Debug|x64
		{E4849D95-BAEB-4268-883D-A3F1F3B0D601}.Debug|x64.Build.0 = Debug|x64
		{E4849D95-BAEB-4268-883D-A3F1F3B0D601}.Debug|x86.ActiveCfg = Debug|Win32
		{E4849D95-BAEB-4268-883D-A3F1F3B0D601}.Debug|x86.Build.0 = Debug|Win32
		{E4849D95-BAEB-4268-883D-A3F1F3B0D601}.Release|x64.ActiveCfg = Release|x64
		{E4849D95-BAEB-4268-883D-A3F1F3B0D601}.Release|x64.Build.0 = Release|x64
		{E4849D95-BAEB-4268-883D-A3F1F3B0D601}.Release|x86.ActiveCfg = Release|Win32
		{E4849D95-BAEB-4268-883D-A3F1F3B0D601}.Release|x86.Build.0 = Release|Win32
		{20BD7832-35B9-4BC8-8C94-BEF0120AE077}.Debug|x64.ActiveCfg = Debug|x64
		{20BD7832-35B9-4BC8-8C94-BEF0120AE077}.Debug|x64.Build.0 = Debug|x64
		{20BD7832-35B9-4BC8-8C94-BEF0120AE077}.Debug|x86.ActiveCfg = Debug|Win32
		{20BD7832-35B9-4BC8-8C94-BEF0120AE077}.Debug|x86.Build.0 = Debug|Win32
		{20BD7832-35B9-4BC8-8C94-BEF0120AE077}.Release|x64.ActiveCfg = Release|x64
		{20BD7832-35B9-4BC8-8C94-BEF0120AE077}.Release|x64.Build.0 = Release|x64
		{20BD7832-35B9-4BC8-8C94-BEF0120AE077}.Release|x86.ActiveCfg = Release|Win32
		{20BD7832-35B9-4BC8-8C94-BEF0120AE077}.Release|x86.Build.0 = Release|Win32
		{1C8562C0-7C0C-46F9-891F-05FA8BDA5196}.Debug|x64.ActiveCfg = Debug|x64
		{1C8562C0-7C0C-46F9-891F-05FA8BDA5196}.Debug|x64.Build.0 = Debug|x64
		{1C8562C0-7C0C-46F9-891F-05FA8BDA5196}.Debug|x86.ActiveCfg = Debug|Win32
		{1C8562C0-7C0C-46F9-891F-05FA8BDA5196}.Debug|x86.Build.0 = Debug|Win32
		{1C8562C0-7C0C-46F9-891F-05FA8BDA5196}.Release|x64.ActiveCfg = Release|x64
		{1C8562C0-7C0C-46F9-891F-05FA8BDA5196}.Release|x64.Build.0 = Release|x64
		{1C8562C0-7C0C-46F9-891F-05FA8BDA5196}.Release|x86.ActiveCfg = Release|Win32
		{1C8562C0-7C0C-46F9-891F-05FA8BDA5196}.Release|x86.Build.0 = Release|Win32
	EndGlobalSection
	GlobalSection(SolutionProperties) = preSolution
		HideSolutionNode = FALSE
	EndGlobalSection
	GlobalSection(NestedProjects) = preSolution
		{AB71028A-5F0C-4434-9EE1-CD429CADD2C0} = {164E9F03-0A4B-4266-AFB1-523AA883526A}
		{B7605A19-B9A8-46F7-BDA9-E043C34349F3} = {164E9F03-0A4B-4266-AFB1-523AA883526A}
		{AD1DC9B2-3B85-41A8-8115-73FE40617905} = {AE52A779-C165-4FD8-9BDA-EF49D37E5B1F}
		{BE1A9ECA-00CC-4E15-B583-6679AE4AB392} = {AE52A779-C165-4FD8-9BDA-EF49D37E5B1F}
		{AE52A779-C165-4FD8-9BDA-EF49D37E5B1F} = {E5F280A2-9AF3-41F7-8898-F8E4C585FA93}
		{9DB8A120-1944-45DD-BD7A-EA02E1ABB941} = {AE52A779-C165-4FD8-9BDA-EF49D37E5B1F}
		{196F81F2-6D7E-4516-970E-42CF641491B9} = {AE52A779-C165-4FD8-9BDA-EF49D37E5B1F}
		{78CD2893-5F2F-46EB-AD26-B441A1EEF36E} = {E5F280A2-9AF3-41F7-8898-F8E4C585FA93}
		{DE81EA78-D6B4-439E-9455-3188F903D068} = {78CD2893-5F2F-46EB-AD26-B441A1EEF36E}
		{B110D26F-65AB-404F-A5C6-568C9662C525} = {78CD2893-5F2F-46EB-AD26-B441A1EEF36E}
		{9CA6E2E6-65EC-43C0-A913-58D1CCC70CE1} = {AE52A779-C165-4FD8-9BDA-EF49D37E5B1F}
		{E341D30C-C065-4244-874B-5DA8A92F4AD6} = {F5849D11-D41B-4208-91E9-5B99F4ABED19}
		{148616F0-544E-4084-81D6-A397CB290160} = {78CD2893-5F2F-46EB-AD26-B441A1EEF36E}
		{11B9CEE7-94AC-4B9B-9720-E3E3FB4B9242} = {78CD2893-5F2F-46EB-AD26-B441A1EEF36E}
		{067AA8D4-5940-4A4A-95D0-77F0D1FF794D} = {78CD2893-5F2F-46EB-AD26-B441A1EEF36E}
		{2782C2CF-062F-40E2-BAEB-4D4FEBB5B073} = {78CD2893-5F2F-46EB-AD26-B441A1EEF36E}
		{A6B81C64-23D0-4024-BD8E-87B260C9FF33} = {78CD2893-5F2F-46EB-AD26-B441A1EEF36E}
		{ADB81259-FE74-41AC-964D-124E77EEDEE8} = {C67021A7-EEC6-4E5C-B0C1-2D3A8EE9ECA5}
		{07D24A2E-5C7B-40C5-BEF0-CC4A498701BA} = {C67021A7-EEC6-4E5C-B0C1-2D3A8EE9ECA5}
		{70B8AD51-537A-476B-8090-D48053E05A23} = {C55DED29-7B23-4BE2-BC7C-36FB351E5FCD}
		{87E28C45-FA9B-4709-8B47-324EB0FE3740} = {F5849D11-D41B-4208-91E9-5B99F4ABED19}
		{44D45AA9-5B9E-452C-9275-0EEA9538D5AD} = {E5F280A2-9AF3-41F7-8898-F8E4C585FA93}
		{AFB4B4DD-5E3E-4C02-8909-41A20458B370} = {44D45AA9-5B9E-452C-9275-0EEA9538D5AD}
		{D9CB6CB6-CEF2-4F88-A9B8-8C604BC1575B} = {F5849D11-D41B-4208-91E9-5B99F4ABED19}
		{0E336948-4976-418C-AFF8-17E4900BAF69} = {F5849D11-D41B-4208-91E9-5B99F4ABED19}
		{05A1CD12-2584-4E82-86C3-8674E2E9981C} = {F5849D11-D41B-4208-91E9-5B99F4ABED19}
		{61C4D331-BF00-41FD-953F-B52EECCF8D8F} = {F5849D11-D41B-4208-91E9-5B99F4ABED19}
		{B9193D47-1231-47A5-95FB-7293792DA5FE} = {F5849D11-D41B-4208-91E9-5B99F4ABED19}
		{BA974B39-0D96-48FC-92ED-656072E989FE} = {F5849D11-D41B-4208-91E9-5B99F4ABED19}
		{CFDBE11B-1487-42AB-B17F-41CB5E5ED770} = {F5849D11-D41B-4208-91E9-5B99F4ABED19}
		{E0DC4336-344B-46C9-BCFA-A014539816F2} = {AE52A779-C165-4FD8-9BDA-EF49D37E5B1F}
		{BC3800D8-D71D-47E9-B35A-3A47AA5C01B8} = {AE52A779-C165-4FD8-9BDA-EF49D37E5B1F}
		{2B5D07A5-5EA2-4184-A3B8-09A4C6C75C6C} = {D56C4C75-9DE6-499D-9B4F-5618F91A0FFF}
		{104673DE-95BE-4846-AB3E-CE1F404510F0} = {D56C4C75-9DE6-499D-9B4F-5618F91A0FFF}
		{79E11A0F-3C7C-4637-9EC6-4FF8E0C59E5E} = {D56C4C75-9DE6-499D-9B4F-5618F91A0FFF}
		{BF9FFBF8-C78D-42A3-B101-C622FDD3F6DD} = {D56C4C75-9DE6-499D-9B4F-5618F91A0FFF}
		{CACF2C4A-0567-44C1-B16D-EA2550BAA608} = {D56C4C75-9DE6-499D-9B4F-5618F91A0FFF}
		{A5C43DD6-30E0-4B03-9836-01FCBDBB293D} = {CACF2C4A-0567-44C1-B16D-EA2550BAA608}
		{88C32007-D750-427A-B6D7-D6563BD77CEC} = {CACF2C4A-0567-44C1-B16D-EA2550BAA608}
		{E05F3C74-C479-47B5-B008-834099870283} = {D56C4C75-9DE6-499D-9B4F-5618F91A0FFF}
		{4ED2584A-4ECE-4DC6-8480-1DF2157FB98B} = {D56C4C75-9DE6-499D-9B4F-5618F91A0FFF}
		{C4ACF930-B4F5-4E63-9B98-92D4FBEF2CC2} = {AE52A779-C165-4FD8-9BDA-EF49D37E5B1F}
		{9EB9A103-216D-48B2-AE3D-B6B84DBC9CC6} = {D56C4C75-9DE6-499D-9B4F-5618F91A0FFF}
		{BD0FD78D-DEBB-4D51-A5C8-D562CAC6CA76} = {D56C4C75-9DE6-499D-9B4F-5618F91A0FFF}
		{190EDB41-0B49-40E0-944A-7D49AA129FBA} = {F5849D11-D41B-4208-91E9-5B99F4ABED19}
		{E4849D95-BAEB-4268-883D-A3F1F3B0D601} = {F5849D11-D41B-4208-91E9-5B99F4ABED19}
		{20BD7832-35B9-4BC8-8C94-BEF0120AE077} = {D56C4C75-9DE6-499D-9B4F-5618F91A0FFF}
		{1C8562C0-7C0C-46F9-891F-05FA8BDA5196} = {D56C4C75-9DE6-499D-9B4F-5618F91A0FFF}
	EndGlobalSection
	GlobalSection(ExtensibilityGlobals) = postSolution
		SolutionGuid = {1B46ABCB-2337-4B76-AC80-FB005083CB16}
	EndGlobalSection
EndGlobal
